
Terraform used the selected providers to generate the following execution
plan. Resource actions are indicated with the following symbols:
  [32m+[0m create[0m

Terraform will perform the following actions:

[1m  # module.instances.aws_instance.mean_instance[0m will be created
[0m  [32m+[0m[0m resource "aws_instance" "mean_instance" {
      [32m+[0m[0m ami                                  = "ami-0668ad107f101ba2f"
      [32m+[0m[0m arn                                  = (known after apply)
      [32m+[0m[0m associate_public_ip_address          = true
      [32m+[0m[0m availability_zone                    = (known after apply)
      [32m+[0m[0m cpu_core_count                       = (known after apply)
      [32m+[0m[0m cpu_threads_per_core                 = (known after apply)
      [32m+[0m[0m disable_api_stop                     = (known after apply)
      [32m+[0m[0m disable_api_termination              = (known after apply)
      [32m+[0m[0m ebs_optimized                        = (known after apply)
      [32m+[0m[0m enable_primary_ipv6                  = (known after apply)
      [32m+[0m[0m get_password_data                    = false
      [32m+[0m[0m host_id                              = (known after apply)
      [32m+[0m[0m host_resource_group_arn              = (known after apply)
      [32m+[0m[0m iam_instance_profile                 = (known after apply)
      [32m+[0m[0m id                                   = (known after apply)
      [32m+[0m[0m instance_initiated_shutdown_behavior = (known after apply)
      [32m+[0m[0m instance_lifecycle                   = (known after apply)
      [32m+[0m[0m instance_state                       = (known after apply)
      [32m+[0m[0m instance_type                        = "t2.medium"
      [32m+[0m[0m ipv6_address_count                   = (known after apply)
      [32m+[0m[0m ipv6_addresses                       = (known after apply)
      [32m+[0m[0m key_name                             = "packer"
      [32m+[0m[0m monitoring                           = (known after apply)
      [32m+[0m[0m outpost_arn                          = (known after apply)
      [32m+[0m[0m password_data                        = (known after apply)
      [32m+[0m[0m placement_group                      = (known after apply)
      [32m+[0m[0m placement_partition_number           = (known after apply)
      [32m+[0m[0m primary_network_interface_id         = (known after apply)
      [32m+[0m[0m private_dns                          = (known after apply)
      [32m+[0m[0m private_ip                           = (known after apply)
      [32m+[0m[0m public_dns                           = (known after apply)
      [32m+[0m[0m public_ip                            = (known after apply)
      [32m+[0m[0m secondary_private_ips                = (known after apply)
      [32m+[0m[0m security_groups                      = (known after apply)
      [32m+[0m[0m source_dest_check                    = true
      [32m+[0m[0m spot_instance_request_id             = (known after apply)
      [32m+[0m[0m subnet_id                            = (known after apply)
      [32m+[0m[0m tags                                 = {
          [32m+[0m[0m "Name" = "MeanInstance"
        }
      [32m+[0m[0m tags_all                             = {
          [32m+[0m[0m "Name" = "MeanInstance"
        }
      [32m+[0m[0m tenancy                              = (known after apply)
      [32m+[0m[0m user_data                            = (known after apply)
      [32m+[0m[0m user_data_base64                     = (known after apply)
      [32m+[0m[0m user_data_replace_on_change          = false
      [32m+[0m[0m vpc_security_group_ids               = (known after apply)

      [32m+[0m[0m capacity_reservation_specification (known after apply)

      [32m+[0m[0m cpu_options (known after apply)

      [32m+[0m[0m ebs_block_device (known after apply)

      [32m+[0m[0m enclave_options (known after apply)

      [32m+[0m[0m ephemeral_block_device (known after apply)

      [32m+[0m[0m instance_market_options (known after apply)

      [32m+[0m[0m maintenance_options (known after apply)

      [32m+[0m[0m metadata_options (known after apply)

      [32m+[0m[0m network_interface (known after apply)

      [32m+[0m[0m private_dns_name_options (known after apply)

      [32m+[0m[0m root_block_device (known after apply)
    }

[1m  # module.instances.aws_instance.mongo_instance[0m will be created
[0m  [32m+[0m[0m resource "aws_instance" "mongo_instance" {
      [32m+[0m[0m ami                                  = "ami-0094f7f158e63c722"
      [32m+[0m[0m arn                                  = (known after apply)
      [32m+[0m[0m associate_public_ip_address          = false
      [32m+[0m[0m availability_zone                    = (known after apply)
      [32m+[0m[0m cpu_core_count                       = (known after apply)
      [32m+[0m[0m cpu_threads_per_core                 = (known after apply)
      [32m+[0m[0m disable_api_stop                     = (known after apply)
      [32m+[0m[0m disable_api_termination              = (known after apply)
      [32m+[0m[0m ebs_optimized                        = (known after apply)
      [32m+[0m[0m enable_primary_ipv6                  = (known after apply)
      [32m+[0m[0m get_password_data                    = false
      [32m+[0m[0m host_id                              = (known after apply)
      [32m+[0m[0m host_resource_group_arn              = (known after apply)
      [32m+[0m[0m iam_instance_profile                 = (known after apply)
      [32m+[0m[0m id                                   = (known after apply)
      [32m+[0m[0m instance_initiated_shutdown_behavior = (known after apply)
      [32m+[0m[0m instance_lifecycle                   = (known after apply)
      [32m+[0m[0m instance_state                       = (known after apply)
      [32m+[0m[0m instance_type                        = "t2.micro"
      [32m+[0m[0m ipv6_address_count                   = (known after apply)
      [32m+[0m[0m ipv6_addresses                       = (known after apply)
      [32m+[0m[0m key_name                             = "packer"
      [32m+[0m[0m monitoring                           = (known after apply)
      [32m+[0m[0m outpost_arn                          = (known after apply)
      [32m+[0m[0m password_data                        = (known after apply)
      [32m+[0m[0m placement_group                      = (known after apply)
      [32m+[0m[0m placement_partition_number           = (known after apply)
      [32m+[0m[0m primary_network_interface_id         = (known after apply)
      [32m+[0m[0m private_dns                          = (known after apply)
      [32m+[0m[0m private_ip                           = (known after apply)
      [32m+[0m[0m public_dns                           = (known after apply)
      [32m+[0m[0m public_ip                            = (known after apply)
      [32m+[0m[0m secondary_private_ips                = (known after apply)
      [32m+[0m[0m security_groups                      = (known after apply)
      [32m+[0m[0m source_dest_check                    = true
      [32m+[0m[0m spot_instance_request_id             = (known after apply)
      [32m+[0m[0m subnet_id                            = (known after apply)
      [32m+[0m[0m tags                                 = {
          [32m+[0m[0m "Name" = "MongoInstance"
        }
      [32m+[0m[0m tags_all                             = {
          [32m+[0m[0m "Name" = "MongoInstance"
        }
      [32m+[0m[0m tenancy                              = (known after apply)
      [32m+[0m[0m user_data                            = (known after apply)
      [32m+[0m[0m user_data_base64                     = (known after apply)
      [32m+[0m[0m user_data_replace_on_change          = false
      [32m+[0m[0m vpc_security_group_ids               = (known after apply)

      [32m+[0m[0m capacity_reservation_specification (known after apply)

      [32m+[0m[0m cpu_options (known after apply)

      [32m+[0m[0m ebs_block_device (known after apply)

      [32m+[0m[0m enclave_options (known after apply)

      [32m+[0m[0m ephemeral_block_device (known after apply)

      [32m+[0m[0m instance_market_options (known after apply)

      [32m+[0m[0m maintenance_options (known after apply)

      [32m+[0m[0m metadata_options (known after apply)

      [32m+[0m[0m network_interface (known after apply)

      [32m+[0m[0m private_dns_name_options (known after apply)

      [32m+[0m[0m root_block_device (known after apply)
    }

[1m  # module.load_balancer.aws_lb.mean_lb[0m will be created
[0m  [32m+[0m[0m resource "aws_lb" "mean_lb" {
      [32m+[0m[0m arn                                                          = (known after apply)
      [32m+[0m[0m arn_suffix                                                   = (known after apply)
      [32m+[0m[0m client_keep_alive                                            = 3600
      [32m+[0m[0m desync_mitigation_mode                                       = "defensive"
      [32m+[0m[0m dns_name                                                     = (known after apply)
      [32m+[0m[0m drop_invalid_header_fields                                   = false
      [32m+[0m[0m enable_deletion_protection                                   = false
      [32m+[0m[0m enable_http2                                                 = true
      [32m+[0m[0m enable_tls_version_and_cipher_suite_headers                  = false
      [32m+[0m[0m enable_waf_fail_open                                         = false
      [32m+[0m[0m enable_xff_client_port                                       = false
      [32m+[0m[0m enforce_security_group_inbound_rules_on_private_link_traffic = (known after apply)
      [32m+[0m[0m id                                                           = (known after apply)
      [32m+[0m[0m idle_timeout                                                 = 60
      [32m+[0m[0m internal                                                     = false
      [32m+[0m[0m ip_address_type                                              = (known after apply)
      [32m+[0m[0m load_balancer_type                                           = "application"
      [32m+[0m[0m name                                                         = "mean-lb"
      [32m+[0m[0m name_prefix                                                  = (known after apply)
      [32m+[0m[0m preserve_host_header                                         = false
      [32m+[0m[0m security_groups                                              = (known after apply)
      [32m+[0m[0m subnets                                                      = (known after apply)
      [32m+[0m[0m tags                                                         = {
          [32m+[0m[0m "Name" = "MeanLoadBalancer"
        }
      [32m+[0m[0m tags_all                                                     = {
          [32m+[0m[0m "Name" = "MeanLoadBalancer"
        }
      [32m+[0m[0m vpc_id                                                       = (known after apply)
      [32m+[0m[0m xff_header_processing_mode                                   = "append"
      [32m+[0m[0m zone_id                                                      = (known after apply)

      [32m+[0m[0m subnet_mapping (known after apply)
    }

[1m  # module.load_balancer.aws_lb_listener.mean_lb_listener[0m will be created
[0m  [32m+[0m[0m resource "aws_lb_listener" "mean_lb_listener" {
      [32m+[0m[0m arn                                                                   = (known after apply)
      [32m+[0m[0m id                                                                    = (known after apply)
      [32m+[0m[0m load_balancer_arn                                                     = (known after apply)
      [32m+[0m[0m port                                                                  = 80
      [32m+[0m[0m protocol                                                              = "HTTP"
      [32m+[0m[0m routing_http_request_x_amzn_mtls_clientcert_header_name               = (known after apply)
      [32m+[0m[0m routing_http_request_x_amzn_mtls_clientcert_issuer_header_name        = (known after apply)
      [32m+[0m[0m routing_http_request_x_amzn_mtls_clientcert_leaf_header_name          = (known after apply)
      [32m+[0m[0m routing_http_request_x_amzn_mtls_clientcert_serial_number_header_name = (known after apply)
      [32m+[0m[0m routing_http_request_x_amzn_mtls_clientcert_subject_header_name       = (known after apply)
      [32m+[0m[0m routing_http_request_x_amzn_mtls_clientcert_validity_header_name      = (known after apply)
      [32m+[0m[0m routing_http_request_x_amzn_tls_cipher_suite_header_name              = (known after apply)
      [32m+[0m[0m routing_http_request_x_amzn_tls_version_header_name                   = (known after apply)
      [32m+[0m[0m routing_http_response_access_control_allow_credentials_header_value   = (known after apply)
      [32m+[0m[0m routing_http_response_access_control_allow_headers_header_value       = (known after apply)
      [32m+[0m[0m routing_http_response_access_control_allow_methods_header_value       = (known after apply)
      [32m+[0m[0m routing_http_response_access_control_allow_origin_header_value        = (known after apply)
      [32m+[0m[0m routing_http_response_access_control_expose_headers_header_value      = (known after apply)
      [32m+[0m[0m routing_http_response_access_control_max_age_header_value             = (known after apply)
      [32m+[0m[0m routing_http_response_content_security_policy_header_value            = (known after apply)
      [32m+[0m[0m routing_http_response_server_enabled                                  = (known after apply)
      [32m+[0m[0m routing_http_response_strict_transport_security_header_value          = (known after apply)
      [32m+[0m[0m routing_http_response_x_content_type_options_header_value             = (known after apply)
      [32m+[0m[0m routing_http_response_x_frame_options_header_value                    = (known after apply)
      [32m+[0m[0m ssl_policy                                                            = (known after apply)
      [32m+[0m[0m tags_all                                                              = (known after apply)
      [32m+[0m[0m tcp_idle_timeout_seconds                                              = (known after apply)

      [32m+[0m[0m default_action {
          [32m+[0m[0m order            = (known after apply)
          [32m+[0m[0m target_group_arn = (known after apply)
          [32m+[0m[0m type             = "forward"
        }

      [32m+[0m[0m mutual_authentication (known after apply)
    }

[1m  # module.load_balancer.aws_lb_target_group.mean_target_group[0m will be created
[0m  [32m+[0m[0m resource "aws_lb_target_group" "mean_target_group" {
      [32m+[0m[0m arn                                = (known after apply)
      [32m+[0m[0m arn_suffix                         = (known after apply)
      [32m+[0m[0m connection_termination             = (known after apply)
      [32m+[0m[0m deregistration_delay               = "300"
      [32m+[0m[0m id                                 = (known after apply)
      [32m+[0m[0m ip_address_type                    = (known after apply)
      [32m+[0m[0m lambda_multi_value_headers_enabled = false
      [32m+[0m[0m load_balancer_arns                 = (known after apply)
      [32m+[0m[0m load_balancing_algorithm_type      = (known after apply)
      [32m+[0m[0m load_balancing_anomaly_mitigation  = (known after apply)
      [32m+[0m[0m load_balancing_cross_zone_enabled  = (known after apply)
      [32m+[0m[0m name                               = "mean-target-group"
      [32m+[0m[0m name_prefix                        = (known after apply)
      [32m+[0m[0m port                               = 80
      [32m+[0m[0m preserve_client_ip                 = (known after apply)
      [32m+[0m[0m protocol                           = "HTTP"
      [32m+[0m[0m protocol_version                   = (known after apply)
      [32m+[0m[0m proxy_protocol_v2                  = false
      [32m+[0m[0m slow_start                         = 0
      [32m+[0m[0m tags_all                           = (known after apply)
      [32m+[0m[0m target_type                        = "instance"
      [32m+[0m[0m vpc_id                             = (known after apply)

      [32m+[0m[0m health_check {
          [32m+[0m[0m enabled             = true
          [32m+[0m[0m healthy_threshold   = 3
          [32m+[0m[0m interval            = 30
          [32m+[0m[0m matcher             = (known after apply)
          [32m+[0m[0m path                = "/api/employees"
          [32m+[0m[0m port                = "80"
          [32m+[0m[0m protocol            = "HTTP"
          [32m+[0m[0m timeout             = (known after apply)
          [32m+[0m[0m unhealthy_threshold = 3
        }

      [32m+[0m[0m stickiness (known after apply)

      [32m+[0m[0m target_failover (known after apply)

      [32m+[0m[0m target_group_health (known after apply)

      [32m+[0m[0m target_health_state (known after apply)
    }

[1m  # module.load_balancer.aws_lb_target_group_attachment.mean_target_attachment[0m will be created
[0m  [32m+[0m[0m resource "aws_lb_target_group_attachment" "mean_target_attachment" {
      [32m+[0m[0m id               = (known after apply)
      [32m+[0m[0m port             = 80
      [32m+[0m[0m target_group_arn = (known after apply)
      [32m+[0m[0m target_id        = (known after apply)
    }

[1m  # module.network.aws_internet_gateway.my_igw[0m will be created
[0m  [32m+[0m[0m resource "aws_internet_gateway" "my_igw" {
      [32m+[0m[0m arn      = (known after apply)
      [32m+[0m[0m id       = (known after apply)
      [32m+[0m[0m owner_id = (known after apply)
      [32m+[0m[0m tags     = {
          [32m+[0m[0m "Name" = "MyInternetGateway"
        }
      [32m+[0m[0m tags_all = {
          [32m+[0m[0m "Name" = "MyInternetGateway"
        }
      [32m+[0m[0m vpc_id   = (known after apply)
    }

[1m  # module.network.aws_route_table.public_rt[0m will be created
[0m  [32m+[0m[0m resource "aws_route_table" "public_rt" {
      [32m+[0m[0m arn              = (known after apply)
      [32m+[0m[0m id               = (known after apply)
      [32m+[0m[0m owner_id         = (known after apply)
      [32m+[0m[0m propagating_vgws = (known after apply)
      [32m+[0m[0m route            = [
          [32m+[0m[0m {
              [32m+[0m[0m cidr_block                 = "0.0.0.0/0"
              [32m+[0m[0m gateway_id                 = (known after apply)
                [90m# (11 unchanged attributes hidden)[0m[0m
            },
        ]
      [32m+[0m[0m tags             = {
          [32m+[0m[0m "Name" = "PublicRouteTable"
        }
      [32m+[0m[0m tags_all         = {
          [32m+[0m[0m "Name" = "PublicRouteTable"
        }
      [32m+[0m[0m vpc_id           = (known after apply)
    }

[1m  # module.network.aws_route_table_association.public_assoc[0m will be created
[0m  [32m+[0m[0m resource "aws_route_table_association" "public_assoc" {
      [32m+[0m[0m id             = (known after apply)
      [32m+[0m[0m route_table_id = (known after apply)
      [32m+[0m[0m subnet_id      = (known after apply)
    }

[1m  # module.network.aws_subnet.private_subnet[0m will be created
[0m  [32m+[0m[0m resource "aws_subnet" "private_subnet" {
      [32m+[0m[0m arn                                            = (known after apply)
      [32m+[0m[0m assign_ipv6_address_on_creation                = false
      [32m+[0m[0m availability_zone                              = "us-east-1b"
      [32m+[0m[0m availability_zone_id                           = (known after apply)
      [32m+[0m[0m cidr_block                                     = "10.0.2.0/24"
      [32m+[0m[0m enable_dns64                                   = false
      [32m+[0m[0m enable_resource_name_dns_a_record_on_launch    = false
      [32m+[0m[0m enable_resource_name_dns_aaaa_record_on_launch = false
      [32m+[0m[0m id                                             = (known after apply)
      [32m+[0m[0m ipv6_cidr_block_association_id                 = (known after apply)
      [32m+[0m[0m ipv6_native                                    = false
      [32m+[0m[0m map_public_ip_on_launch                        = false
      [32m+[0m[0m owner_id                                       = (known after apply)
      [32m+[0m[0m private_dns_hostname_type_on_launch            = (known after apply)
      [32m+[0m[0m tags                                           = {
          [32m+[0m[0m "Name" = "PrivateSubnet"
        }
      [32m+[0m[0m tags_all                                       = {
          [32m+[0m[0m "Name" = "PrivateSubnet"
        }
      [32m+[0m[0m vpc_id                                         = (known after apply)
    }

[1m  # module.network.aws_subnet.public_subnet[0m will be created
[0m  [32m+[0m[0m resource "aws_subnet" "public_subnet" {
      [32m+[0m[0m arn                                            = (known after apply)
      [32m+[0m[0m assign_ipv6_address_on_creation                = false
      [32m+[0m[0m availability_zone                              = "us-east-1a"
      [32m+[0m[0m availability_zone_id                           = (known after apply)
      [32m+[0m[0m cidr_block                                     = "10.0.1.0/24"
      [32m+[0m[0m enable_dns64                                   = false
      [32m+[0m[0m enable_resource_name_dns_a_record_on_launch    = false
      [32m+[0m[0m enable_resource_name_dns_aaaa_record_on_launch = false
      [32m+[0m[0m id                                             = (known after apply)
      [32m+[0m[0m ipv6_cidr_block_association_id                 = (known after apply)
      [32m+[0m[0m ipv6_native                                    = false
      [32m+[0m[0m map_public_ip_on_launch                        = true
      [32m+[0m[0m owner_id                                       = (known after apply)
      [32m+[0m[0m private_dns_hostname_type_on_launch            = (known after apply)
      [32m+[0m[0m tags                                           = {
          [32m+[0m[0m "Name" = "PublicSubnet"
        }
      [32m+[0m[0m tags_all                                       = {
          [32m+[0m[0m "Name" = "PublicSubnet"
        }
      [32m+[0m[0m vpc_id                                         = (known after apply)
    }

[1m  # module.network.aws_subnet.secondary_public_subnet[0m will be created
[0m  [32m+[0m[0m resource "aws_subnet" "secondary_public_subnet" {
      [32m+[0m[0m arn                                            = (known after apply)
      [32m+[0m[0m assign_ipv6_address_on_creation                = false
      [32m+[0m[0m availability_zone                              = "us-east-1c"
      [32m+[0m[0m availability_zone_id                           = (known after apply)
      [32m+[0m[0m cidr_block                                     = "10.0.3.0/24"
      [32m+[0m[0m enable_dns64                                   = false
      [32m+[0m[0m enable_resource_name_dns_a_record_on_launch    = false
      [32m+[0m[0m enable_resource_name_dns_aaaa_record_on_launch = false
      [32m+[0m[0m id                                             = (known after apply)
      [32m+[0m[0m ipv6_cidr_block_association_id                 = (known after apply)
      [32m+[0m[0m ipv6_native                                    = false
      [32m+[0m[0m map_public_ip_on_launch                        = true
      [32m+[0m[0m owner_id                                       = (known after apply)
      [32m+[0m[0m private_dns_hostname_type_on_launch            = (known after apply)
      [32m+[0m[0m tags                                           = {
          [32m+[0m[0m "Name" = "SecondaryPublicSubnet"
        }
      [32m+[0m[0m tags_all                                       = {
          [32m+[0m[0m "Name" = "SecondaryPublicSubnet"
        }
      [32m+[0m[0m vpc_id                                         = (known after apply)
    }

[1m  # module.network.aws_vpc.main[0m will be created
[0m  [32m+[0m[0m resource "aws_vpc" "main" {
      [32m+[0m[0m arn                                  = (known after apply)
      [32m+[0m[0m cidr_block                           = "10.0.0.0/16"
      [32m+[0m[0m default_network_acl_id               = (known after apply)
      [32m+[0m[0m default_route_table_id               = (known after apply)
      [32m+[0m[0m default_security_group_id            = (known after apply)
      [32m+[0m[0m dhcp_options_id                      = (known after apply)
      [32m+[0m[0m enable_dns_hostnames                 = (known after apply)
      [32m+[0m[0m enable_dns_support                   = true
      [32m+[0m[0m enable_network_address_usage_metrics = (known after apply)
      [32m+[0m[0m id                                   = (known after apply)
      [32m+[0m[0m instance_tenancy                     = "default"
      [32m+[0m[0m ipv6_association_id                  = (known after apply)
      [32m+[0m[0m ipv6_cidr_block                      = (known after apply)
      [32m+[0m[0m ipv6_cidr_block_network_border_group = (known after apply)
      [32m+[0m[0m main_route_table_id                  = (known after apply)
      [32m+[0m[0m owner_id                             = (known after apply)
      [32m+[0m[0m tags                                 = {
          [32m+[0m[0m "Name" = "MyVPC"
        }
      [32m+[0m[0m tags_all                             = {
          [32m+[0m[0m "Name" = "MyVPC"
        }
    }

[1m  # module.security.aws_security_group.mean_sg[0m will be created
[0m  [32m+[0m[0m resource "aws_security_group" "mean_sg" {
      [32m+[0m[0m arn                    = (known after apply)
      [32m+[0m[0m description            = "Managed by Terraform"
      [32m+[0m[0m egress                 = [
          [32m+[0m[0m {
              [32m+[0m[0m cidr_blocks      = [
                  [32m+[0m[0m "0.0.0.0/0",
                ]
              [32m+[0m[0m from_port        = 0
              [32m+[0m[0m ipv6_cidr_blocks = []
              [32m+[0m[0m prefix_list_ids  = []
              [32m+[0m[0m protocol         = "-1"
              [32m+[0m[0m security_groups  = []
              [32m+[0m[0m self             = false
              [32m+[0m[0m to_port          = 0
                [90m# (1 unchanged attribute hidden)[0m[0m
            },
        ]
      [32m+[0m[0m id                     = (known after apply)
      [32m+[0m[0m ingress                = [
          [32m+[0m[0m {
              [32m+[0m[0m cidr_blocks      = [
                  [32m+[0m[0m "0.0.0.0/0",
                ]
              [32m+[0m[0m from_port        = 22
              [32m+[0m[0m ipv6_cidr_blocks = []
              [32m+[0m[0m prefix_list_ids  = []
              [32m+[0m[0m protocol         = "tcp"
              [32m+[0m[0m security_groups  = []
              [32m+[0m[0m self             = false
              [32m+[0m[0m to_port          = 22
                [90m# (1 unchanged attribute hidden)[0m[0m
            },
          [32m+[0m[0m {
              [32m+[0m[0m cidr_blocks      = [
                  [32m+[0m[0m "0.0.0.0/0",
                ]
              [32m+[0m[0m from_port        = 5200
              [32m+[0m[0m ipv6_cidr_blocks = []
              [32m+[0m[0m prefix_list_ids  = []
              [32m+[0m[0m protocol         = "tcp"
              [32m+[0m[0m security_groups  = []
              [32m+[0m[0m self             = false
              [32m+[0m[0m to_port          = 5200
                [90m# (1 unchanged attribute hidden)[0m[0m
            },
          [32m+[0m[0m {
              [32m+[0m[0m cidr_blocks      = [
                  [32m+[0m[0m "0.0.0.0/0",
                ]
              [32m+[0m[0m from_port        = 80
              [32m+[0m[0m ipv6_cidr_blocks = []
              [32m+[0m[0m prefix_list_ids  = []
              [32m+[0m[0m protocol         = "tcp"
              [32m+[0m[0m security_groups  = []
              [32m+[0m[0m self             = false
              [32m+[0m[0m to_port          = 80
                [90m# (1 unchanged attribute hidden)[0m[0m
            },
        ]
      [32m+[0m[0m name                   = (known after apply)
      [32m+[0m[0m name_prefix            = (known after apply)
      [32m+[0m[0m owner_id               = (known after apply)
      [32m+[0m[0m revoke_rules_on_delete = false
      [32m+[0m[0m tags                   = {
          [32m+[0m[0m "Name" = "MeanSecurityGroup"
        }
      [32m+[0m[0m tags_all               = {
          [32m+[0m[0m "Name" = "MeanSecurityGroup"
        }
      [32m+[0m[0m vpc_id                 = (known after apply)
    }

[1m  # module.security.aws_security_group.mongodb_sg[0m will be created
[0m  [32m+[0m[0m resource "aws_security_group" "mongodb_sg" {
      [32m+[0m[0m arn                    = (known after apply)
      [32m+[0m[0m description            = "Managed by Terraform"
      [32m+[0m[0m egress                 = [
          [32m+[0m[0m {
              [32m+[0m[0m cidr_blocks      = [
                  [32m+[0m[0m "0.0.0.0/0",
                ]
              [32m+[0m[0m from_port        = 0
              [32m+[0m[0m ipv6_cidr_blocks = []
              [32m+[0m[0m prefix_list_ids  = []
              [32m+[0m[0m protocol         = "-1"
              [32m+[0m[0m security_groups  = []
              [32m+[0m[0m self             = false
              [32m+[0m[0m to_port          = 0
                [90m# (1 unchanged attribute hidden)[0m[0m
            },
        ]
      [32m+[0m[0m id                     = (known after apply)
      [32m+[0m[0m ingress                = [
          [32m+[0m[0m {
              [32m+[0m[0m cidr_blocks      = [
                  [32m+[0m[0m "0.0.0.0/0",
                ]
              [32m+[0m[0m from_port        = 22
              [32m+[0m[0m ipv6_cidr_blocks = []
              [32m+[0m[0m prefix_list_ids  = []
              [32m+[0m[0m protocol         = "tcp"
              [32m+[0m[0m security_groups  = []
              [32m+[0m[0m self             = false
              [32m+[0m[0m to_port          = 22
                [90m# (1 unchanged attribute hidden)[0m[0m
            },
          [32m+[0m[0m {
              [32m+[0m[0m cidr_blocks      = []
              [32m+[0m[0m from_port        = 27017
              [32m+[0m[0m ipv6_cidr_blocks = []
              [32m+[0m[0m prefix_list_ids  = []
              [32m+[0m[0m protocol         = "tcp"
              [32m+[0m[0m security_groups  = (known after apply)
              [32m+[0m[0m self             = false
              [32m+[0m[0m to_port          = 27017
                [90m# (1 unchanged attribute hidden)[0m[0m
            },
        ]
      [32m+[0m[0m name                   = (known after apply)
      [32m+[0m[0m name_prefix            = (known after apply)
      [32m+[0m[0m owner_id               = (known after apply)
      [32m+[0m[0m revoke_rules_on_delete = false
      [32m+[0m[0m tags                   = {
          [32m+[0m[0m "Name" = "MongoDBSecurityGroup"
        }
      [32m+[0m[0m tags_all               = {
          [32m+[0m[0m "Name" = "MongoDBSecurityGroup"
        }
      [32m+[0m[0m vpc_id                 = (known after apply)
    }

[1mPlan:[0m 15 to add, 0 to change, 0 to destroy.
[0m
Changes to Outputs:
  [32m+[0m[0m mean_lb_arn                = (known after apply)
  [32m+[0m[0m mean_lb_dns_name           = (known after apply)
  [32m+[0m[0m mean_private_ip            = (known after apply)
  [32m+[0m[0m mean_public_ip             = (known after apply)
  [32m+[0m[0m mean_sg_id                 = (known after apply)
  [32m+[0m[0m mongo_private_ip           = (known after apply)
  [32m+[0m[0m mongo_public_ip            = (known after apply)
  [32m+[0m[0m mongodb_sg_id              = (known after apply)
  [32m+[0m[0m private_subnet_id          = (known after apply)
  [32m+[0m[0m public_subnet_id           = (known after apply)
  [32m+[0m[0m secondary_public_subnet_id = (known after apply)
  [32m+[0m[0m vpc_id                     = (known after apply)
[0m[1m
Do you want to perform these actions?[0m
  Terraform will perform the actions described above.
  Only 'yes' will be accepted to approve.

  [1mEnter a value:[0m [0m
[0m[1mmodule.network.aws_vpc.main: Creating...[0m[0m
[0m[1mmodule.network.aws_vpc.main: Creation complete after 3s [id=vpc-01ffe6c025cb568d2][0m
[0m[1mmodule.network.aws_internet_gateway.my_igw: Creating...[0m[0m
[0m[1mmodule.network.aws_subnet.public_subnet: Creating...[0m[0m
[0m[1mmodule.network.aws_subnet.private_subnet: Creating...[0m[0m
[0m[1mmodule.network.aws_subnet.secondary_public_subnet: Creating...[0m[0m
[0m[1mmodule.load_balancer.aws_lb_target_group.mean_target_group: Creating...[0m[0m
[0m[1mmodule.security.aws_security_group.mean_sg: Creating...[0m[0m
[0m[1mmodule.network.aws_internet_gateway.my_igw: Creation complete after 1s [id=igw-0418996867d47947f][0m
[0m[1mmodule.network.aws_route_table.public_rt: Creating...[0m[0m
[0m[1mmodule.network.aws_route_table.public_rt: Creation complete after 2s [id=rtb-01df54ef561171770][0m
[0m[1mmodule.load_balancer.aws_lb_target_group.mean_target_group: Creation complete after 3s [id=arn:aws:elasticloadbalancing:us-east-1:755944857852:targetgroup/mean-target-group/b92e1c889ef50608][0m
[0m[1mmodule.network.aws_subnet.private_subnet: Creation complete after 4s [id=subnet-074582fd0da1d62a3][0m
[0m[1mmodule.security.aws_security_group.mean_sg: Creation complete after 5s [id=sg-07d5f638c841c80ab][0m
[0m[1mmodule.security.aws_security_group.mongodb_sg: Creating...[0m[0m
[0m[1mmodule.security.aws_security_group.mongodb_sg: Creation complete after 4s [id=sg-0e62eed69bf39ac0f][0m
[0m[1mmodule.instances.aws_instance.mongo_instance: Creating...[0m[0m
[0m[1mmodule.network.aws_subnet.secondary_public_subnet: Still creating... [10s elapsed][0m[0m
[0m[1mmodule.network.aws_subnet.public_subnet: Still creating... [10s elapsed][0m[0m
[0m[1mmodule.network.aws_subnet.secondary_public_subnet: Creation complete after 12s [id=subnet-0995022b660919b14][0m
[0m[1mmodule.network.aws_subnet.public_subnet: Creation complete after 12s [id=subnet-04f4129c41f98e4e5][0m
[0m[1mmodule.network.aws_route_table_association.public_assoc: Creating...[0m[0m
[0m[1mmodule.load_balancer.aws_lb.mean_lb: Creating...[0m[0m
[0m[1mmodule.network.aws_route_table_association.public_assoc: Creation complete after 1s [id=rtbassoc-0ab2a18ef9fa2ca10][0m
[0m[1mmodule.instances.aws_instance.mongo_instance: Still creating... [10s elapsed][0m[0m
[0m[1mmodule.load_balancer.aws_lb.mean_lb: Still creating... [10s elapsed][0m[0m
[0m[1mmodule.instances.aws_instance.mongo_instance: Creation complete after 14s [id=i-00776630e93503b2e][0m
[0m[1mmodule.instances.aws_instance.mean_instance: Creating...[0m[0m
[0m[1mmodule.load_balancer.aws_lb.mean_lb: Still creating... [20s elapsed][0m[0m
[0m[1mmodule.instances.aws_instance.mean_instance: Still creating... [10s elapsed][0m[0m
[0m[1mmodule.instances.aws_instance.mean_instance: Provisioning with 'remote-exec'...[0m[0m
[0m[1mmodule.instances.aws_instance.mean_instance (remote-exec):[0m [0mConnecting to remote host via SSH...
[0m[1mmodule.instances.aws_instance.mean_instance (remote-exec):[0m [0m  Host: 3.83.254.55
[0m[1mmodule.instances.aws_instance.mean_instance (remote-exec):[0m [0m  User: ubuntu
[0m[1mmodule.instances.aws_instance.mean_instance (remote-exec):[0m [0m  Password: false
[0m[1mmodule.instances.aws_instance.mean_instance (remote-exec):[0m [0m  Private key: true
[0m[1mmodule.instances.aws_instance.mean_instance (remote-exec):[0m [0m  Certificate: false
[0m[1mmodule.instances.aws_instance.mean_instance (remote-exec):[0m [0m  SSH Agent: false
[0m[1mmodule.instances.aws_instance.mean_instance (remote-exec):[0m [0m  Checking Host Key: false
[0m[1mmodule.instances.aws_instance.mean_instance (remote-exec):[0m [0m  Target Platform: unix
[0m[1mmodule.instances.aws_instance.mean_instance (remote-exec):[0m [0mConnecting to remote host via SSH...
[0m[1mmodule.instances.aws_instance.mean_instance (remote-exec):[0m [0m  Host: 3.83.254.55
[0m[1mmodule.instances.aws_instance.mean_instance (remote-exec):[0m [0m  User: ubuntu
[0m[1mmodule.instances.aws_instance.mean_instance (remote-exec):[0m [0m  Password: false
[0m[1mmodule.instances.aws_instance.mean_instance (remote-exec):[0m [0m  Private key: true
[0m[1mmodule.instances.aws_instance.mean_instance (remote-exec):[0m [0m  Certificate: false
[0m[1mmodule.instances.aws_instance.mean_instance (remote-exec):[0m [0m  SSH Agent: false
[0m[1mmodule.instances.aws_instance.mean_instance (remote-exec):[0m [0m  Checking Host Key: false
[0m[1mmodule.instances.aws_instance.mean_instance (remote-exec):[0m [0m  Target Platform: unix
[0m[1mmodule.load_balancer.aws_lb.mean_lb: Still creating... [30s elapsed][0m[0m
[0m[1mmodule.instances.aws_instance.mean_instance: Still creating... [20s elapsed][0m[0m
[0m[1mmodule.instances.aws_instance.mean_instance (remote-exec):[0m [0mConnected!
[0m[1mmodule.instances.aws_instance.mean_instance (remote-exec):[0m [0m[?25l([107;97m#########[0m[100;90m⠂⠂⠂⠂⠂⠂⠂⠂⠂[0m) ⠇ idealTree: [32;40mtimin[0m[K
[0m[1mmodule.instances.aws_instance.mean_instance (remote-exec):[0m [0m([107;97m#########[0m[100;90m⠂⠂⠂⠂⠂⠂⠂⠂⠂[0m) ⠹ idealTree: [32;40mtimin[0m[K
[0m[1mmodule.instances.aws_instance.mean_instance (remote-exec):[0m [0m([107;97m#########[0m[100;90m⠂⠂⠂⠂⠂⠂⠂⠂⠂[0m) ⠹ idealTree: [32;40mtimin[0m[K
[0m[1mmodule.instances.aws_instance.mean_instance (remote-exec):[0m [0m([107;97m#########[0m[100;90m⠂⠂⠂⠂⠂⠂⠂⠂⠂[0m) ⠹ idealTree: [32;40mtimin[0m[K
[0m[1mmodule.instances.aws_instance.mean_instance (remote-exec):[0m [0m([107;97m#########[0m[100;90m⠂⠂⠂⠂⠂⠂⠂⠂⠂[0m) ⠹ idealTree: [32;40mtimin[0m[K
[0m[1mmodule.instances.aws_instance.mean_instance (remote-exec):[0m [0m([107;97m#########[0m[100;90m⠂⠂⠂⠂⠂⠂⠂⠂⠂[0m) ⠸ reify:@esbuild/a[0m[K
[0m[1mmodule.instances.aws_instance.mean_instance (remote-exec):[0m [0m([107;97m#########[0m[100;90m⠂⠂⠂⠂⠂⠂⠂⠂⠂[0m) ⠸ reify:@esbuild/a[0m[K
[0m[1mmodule.instances.aws_instance.mean_instance (remote-exec):[0m [0m([107;97m#########[0m[100;90m⠂⠂⠂⠂⠂⠂⠂⠂⠂[0m) ⠸ reify:@esbuild/a[0m[K
[0m[1mmodule.instances.aws_instance.mean_instance (remote-exec):[0m [0m([107;97m#########[0m[100;90m⠂⠂⠂⠂⠂⠂⠂⠂⠂[0m) ⠸ reify:@esbuild/a[0m[K
[0m[1mmodule.instances.aws_instance.mean_instance (remote-exec):[0m [0m([107;97m#########[0m[100;90m⠂⠂⠂⠂⠂⠂⠂⠂⠂[0m) ⠸ reify:@esbuild/a[0m[K
[0m[1mmodule.instances.aws_instance.mean_instance (remote-exec):[0m [0m([107;97m#########[0m[100;90m⠂⠂⠂⠂⠂⠂⠂⠂⠂[0m) ⠸ reify:@esbuild/a[0m[K
[0m[1mmodule.instances.aws_instance.mean_instance (remote-exec):[0m [0m([107;97m#########[0m[100;90m⠂⠂⠂⠂⠂⠂⠂⠂⠂[0m) ⠏ reify:@esbuild/a[0m[K
[0m[1mmodule.instances.aws_instance.mean_instance (remote-exec):[0m [0m([107;97m#########[0m[100;90m⠂⠂⠂⠂⠂⠂⠂⠂⠂[0m) ⠙ reify:@esbuild/a[0m[K
[0m[1mmodule.instances.aws_instance.mean_instance (remote-exec):[0m [0m([107;97m#########[0m[100;90m⠂⠂⠂⠂⠂⠂⠂⠂⠂[0m) ⠧ reify:@esbuild/a[0m[K
[0m[1mmodule.instances.aws_instance.mean_instance (remote-exec):[0m [0m([107;97m#########[0m[100;90m⠂⠂⠂⠂⠂⠂⠂⠂⠂[0m) ⠴ reify:@esbuild/a[0m[K
[0m[1mmodule.instances.aws_instance.mean_instance (remote-exec):[0m [0m([107;97m#########[0m[100;90m⠂⠂⠂⠂⠂⠂⠂⠂⠂[0m) ⠦ reify:@esbuild/a[0m[K
[0m[1mmodule.instances.aws_instance.mean_instance (remote-exec):[0m [0m([107;97m#########[0m[100;90m⠂⠂⠂⠂⠂⠂⠂⠂⠂[0m) ⠸ reify:@esbuild/a[0m[K
[0m[1mmodule.instances.aws_instance.mean_instance (remote-exec):[0m [0m([107;97m#########[0m[100;90m⠂⠂⠂⠂⠂⠂⠂⠂⠂[0m) ⠼ reify:@esbuild/a[0m[K
[0m[1mmodule.instances.aws_instance.mean_instance (remote-exec):[0m [0m([107;97m#########[0m[100;90m⠂⠂⠂⠂⠂⠂⠂⠂⠂[0m) ⠇ reify:@esbuild/a[0m[K
[0m[1mmodule.instances.aws_instance.mean_instance (remote-exec):[0m [0m([107;97m#########[0m[100;90m⠂⠂⠂⠂⠂⠂⠂⠂⠂[0m) ⠏ reify:@esbuild/a[0m[K
[0m[1mmodule.instances.aws_instance.mean_instance (remote-exec):[0m [0m([107;97m#########[0m[100;90m⠂⠂⠂⠂⠂⠂⠂⠂⠂[0m) ⠴ reify:@esbuild/a[0m[K
[0m[1mmodule.instances.aws_instance.mean_instance (remote-exec):[0m [0m([107;97m#########[0m[100;90m⠂⠂⠂⠂⠂⠂⠂⠂⠂[0m) ⠴ reify:@esbuild/a[0m[K
[0m[1mmodule.load_balancer.aws_lb.mean_lb: Still creating... [40s elapsed][0m[0m
[0m[1mmodule.instances.aws_instance.mean_instance (remote-exec):[0m [0m([107;97m#########[0m[100;90m⠂⠂⠂⠂⠂⠂⠂⠂⠂[0m) ⠹ reify:@esbuild/a[0m[K
[0m[1mmodule.instances.aws_instance.mean_instance (remote-exec):[0m [0m([107;97m#########[0m[100;90m⠂⠂⠂⠂⠂⠂⠂⠂⠂[0m) ⠹ reify:@esbuild/a[0m[K
[0m[1mmodule.instances.aws_instance.mean_instance (remote-exec):[0m [0m([107;97m#########[0m[100;90m⠂⠂⠂⠂⠂⠂⠂⠂⠂[0m) ⠧ reify:@esbuild/a[0m[K
[0m[1mmodule.instances.aws_instance.mean_instance: Still creating... [30s elapsed][0m[0m
[0m[1mmodule.instances.aws_instance.mean_instance (remote-exec):[0m [0m([107;97m#########[0m[100;90m⠂⠂⠂⠂⠂⠂⠂⠂⠂[0m) ⠙ reify:@esbuild/a[0m[K
[0m[1mmodule.instances.aws_instance.mean_instance (remote-exec):[0m [0m([107;97m#########[0m[100;90m⠂⠂⠂⠂⠂⠂⠂⠂⠂[0m) ⠴ reify:@esbuild/a[0m[K
[0m[1mmodule.instances.aws_instance.mean_instance (remote-exec):[0m [0m([107;97m#########[0m[100;90m⠂⠂⠂⠂⠂⠂⠂⠂⠂[0m) ⠴ reify:@esbuild/a[0m[K
[0m[1mmodule.instances.aws_instance.mean_instance (remote-exec):[0m [0m([107;97m#########[0m[100;90m⠂⠂⠂⠂⠂⠂⠂⠂⠂[0m) ⠦ reify:@esbuild/a[0m[K
[0m[1mmodule.instances.aws_instance.mean_instance (remote-exec):[0m [0m([107;97m#########[0m[100;90m⠂⠂⠂⠂⠂⠂⠂⠂⠂[0m) ⠹ reify:@esbuild/a[0m[K
[0m[1mmodule.instances.aws_instance.mean_instance (remote-exec):[0m [0m([107;97m#########[0m[100;90m⠂⠂⠂⠂⠂⠂⠂⠂⠂[0m) ⠹ reify:@esbuild/a[0m[K
[0m[1mmodule.instances.aws_instance.mean_instance (remote-exec):[0m [0m([107;97m#########[0m[100;90m⠂⠂⠂⠂⠂⠂⠂⠂⠂[0m) ⠹ reify:@esbuild/a[0m[K
[0m[1mmodule.instances.aws_instance.mean_instance (remote-exec):[0m [0m([107;97m#########[0m[100;90m⠂⠂⠂⠂⠂⠂⠂⠂⠂[0m) ⠹ reify:@esbuild/a[0m[K
[0m[1mmodule.instances.aws_instance.mean_instance (remote-exec):[0m [0m([107;97m#########[0m[100;90m⠂⠂⠂⠂⠂⠂⠂⠂⠂[0m) ⠹ reify:@esbuild/a[0m[K
[0m[1mmodule.instances.aws_instance.mean_instance (remote-exec):[0m [0m([107;97m#########[0m[100;90m⠂⠂⠂⠂⠂⠂⠂⠂⠂[0m) ⠹ reify:@esbuild/a[0m[K
[0m[1mmodule.instances.aws_instance.mean_instance (remote-exec):[0m [0m([107;97m#########[0m[100;90m⠂⠂⠂⠂⠂⠂⠂⠂⠂[0m) ⠹ reify:@esbuild/a[0m[K
[0m[1mmodule.instances.aws_instance.mean_instance (remote-exec):[0m [0m([107;97m#########[0m[100;90m⠂⠂⠂⠂⠂⠂⠂⠂⠂[0m) ⠹ reify:@esbuild/a[0m[K
[0m[1mmodule.instances.aws_instance.mean_instance (remote-exec):[0m [0m([107;97m#########[0m[100;90m⠂⠂⠂⠂⠂⠂⠂⠂⠂[0m) ⠹ reify:@esbuild/a[0m[K
[0m[1mmodule.instances.aws_instance.mean_instance (remote-exec):[0m [0m([107;97m#########[0m[100;90m⠂⠂⠂⠂⠂⠂⠂⠂⠂[0m) ⠹ reify:@esbuild/a[0m[K
[0m[1mmodule.instances.aws_instance.mean_instance (remote-exec):[0m [0m([107;97m#########[0m[100;90m⠂⠂⠂⠂⠂⠂⠂⠂⠂[0m) ⠹ reify:@esbuild/a[0m[K
[0m[1mmodule.instances.aws_instance.mean_instance (remote-exec):[0m [0m([107;97m#########[0m[100;90m⠂⠂⠂⠂⠂⠂⠂⠂⠂[0m) ⠹ reify:@esbuild/a[0m[K
[0m[1mmodule.instances.aws_instance.mean_instance (remote-exec):[0m [0m([107;97m#########[0m[100;90m⠂⠂⠂⠂⠂⠂⠂⠂⠂[0m) ⠹ reify:@esbuild/a[0m[K
[0m[1mmodule.instances.aws_instance.mean_instance (remote-exec):[0m [0m([107;97m#########[0m[100;90m⠂⠂⠂⠂⠂⠂⠂⠂⠂[0m) ⠹ reify:@esbuild/a[0m[K
[0m[1mmodule.instances.aws_instance.mean_instance (remote-exec):[0m [0m([107;97m#########[0m[100;90m⠂⠂⠂⠂⠂⠂⠂⠂⠂[0m) ⠹ reify:@esbuild/a[0m[K
[0m[1mmodule.instances.aws_instance.mean_instance (remote-exec):[0m [0m([107;97m#########[0m[100;90m⠂⠂⠂⠂⠂⠂⠂⠂⠂[0m) ⠹ reify:@esbuild/a[0m[K
[0m[1mmodule.instances.aws_instance.mean_instance (remote-exec):[0m [0m([107;97m#########[0m[100;90m⠂⠂⠂⠂⠂⠂⠂⠂⠂[0m) ⠹ reify:@esbuild/a[0m[K
[0m[1mmodule.instances.aws_instance.mean_instance (remote-exec):[0m [0m([107;97m#########[0m[100;90m⠂⠂⠂⠂⠂⠂⠂⠂⠂[0m) ⠹ reify:@esbuild/a[0m[K
[0m[1mmodule.instances.aws_instance.mean_instance (remote-exec):[0m [0m([107;97m#########[0m[100;90m⠂⠂⠂⠂⠂⠂⠂⠂⠂[0m) ⠹ reify:@esbuild/a[0m[K
[0m[1mmodule.instances.aws_instance.mean_instance (remote-exec):[0m [0m([107;97m#########[0m[100;90m⠂⠂⠂⠂⠂⠂⠂⠂⠂[0m) ⠹ reify:@esbuild/a[0m[K
[0m[1mmodule.instances.aws_instance.mean_instance (remote-exec):[0m [0m([107;97m#########[0m[100;90m⠂⠂⠂⠂⠂⠂⠂⠂⠂[0m) ⠹ reify:@esbuild/a[0m[K
[0m[1mmodule.instances.aws_instance.mean_instance (remote-exec):[0m [0m([107;97m#########[0m[100;90m⠂⠂⠂⠂⠂⠂⠂⠂⠂[0m) ⠹ reify:@esbuild/a[0m[K
[0m[1mmodule.instances.aws_instance.mean_instance (remote-exec):[0m [0m([107;97m#########[0m[100;90m⠂⠂⠂⠂⠂⠂⠂⠂⠂[0m) ⠹ reify:@esbuild/a[0m[K
[0m[1mmodule.instances.aws_instance.mean_instance (remote-exec):[0m [0m([107;97m#########[0m[100;90m⠂⠂⠂⠂⠂⠂⠂⠂⠂[0m) ⠹ reify:@esbuild/a[0m[K
[0m[1mmodule.instances.aws_instance.mean_instance (remote-exec):[0m [0m([107;97m#########[0m[100;90m⠂⠂⠂⠂⠂⠂⠂⠂⠂[0m) ⠹ reify:@esbuild/a[0m[K
[0m[1mmodule.instances.aws_instance.mean_instance (remote-exec):[0m [0m([107;97m#########[0m[100;90m⠂⠂⠂⠂⠂⠂⠂⠂⠂[0m) ⠹ reify:@esbuild/a[0m[K
[0m[1mmodule.instances.aws_instance.mean_instance (remote-exec):[0m [0m([107;97m#########[0m[100;90m⠂⠂⠂⠂⠂⠂⠂⠂⠂[0m) ⠹ reify:@esbuild/a[0m[K
[0m[1mmodule.instances.aws_instance.mean_instance (remote-exec):[0m [0m([107;97m#########[0m[100;90m⠂⠂⠂⠂⠂⠂⠂⠂⠂[0m) ⠹ reify:@esbuild/a[0m[K
[0m[1mmodule.instances.aws_instance.mean_instance (remote-exec):[0m [0m([107;97m#########[0m[100;90m⠂⠂⠂⠂⠂⠂⠂⠂⠂[0m) ⠹ reify:@esbuild/a[0m[K
[0m[1mmodule.instances.aws_instance.mean_instance (remote-exec):[0m [0m([107;97m#########[0m[100;90m⠂⠂⠂⠂⠂⠂⠂⠂⠂[0m) ⠹ reify:@esbuild/a[0m[K
[0m[1mmodule.instances.aws_instance.mean_instance (remote-exec):[0m [0m([107;97m#########[0m[100;90m⠂⠂⠂⠂⠂⠂⠂⠂⠂[0m) ⠹ reify:@esbuild/a[0m[K
[0m[1mmodule.instances.aws_instance.mean_instance (remote-exec):[0m [0m([107;97m#########[0m[100;90m⠂⠂⠂⠂⠂⠂⠂⠂⠂[0m) ⠹ reify:@esbuild/a[0m[K
[0m[1mmodule.instances.aws_instance.mean_instance (remote-exec):[0m [0m([107;97m#########[0m[100;90m⠂⠂⠂⠂⠂⠂⠂⠂⠂[0m) ⠹ reify:@esbuild/a[0m[K
[0m[1mmodule.instances.aws_instance.mean_instance (remote-exec):[0m [0m([107;97m#########[0m[100;90m⠂⠂⠂⠂⠂⠂⠂⠂⠂[0m) ⠹ reify:@esbuild/a[0m[K
[0m[1mmodule.instances.aws_instance.mean_instance (remote-exec):[0m [0m([107;97m##########[0m[100;90m⠂⠂⠂⠂⠂⠂⠂⠂[0m) ⠸ reify:imurmurhas[0m[K
[0m[1mmodule.instances.aws_instance.mean_instance (remote-exec):[0m [0m([107;97m##########[0m[100;90m⠂⠂⠂⠂⠂⠂⠂⠂[0m) ⠸ reify:imurmurhas[0m[K
[0m[1mmodule.instances.aws_instance.mean_instance (remote-exec):[0m [0m([107;97m##########[0m[100;90m⠂⠂⠂⠂⠂⠂⠂⠂[0m) ⠸ reify:imurmurhas[0m[K
[0m[1mmodule.instances.aws_instance.mean_instance (remote-exec):[0m [0m([107;97m##########[0m[100;90m⠂⠂⠂⠂⠂⠂⠂⠂[0m) ⠼ reify:wrappy: [32;40mti[0m[K
[0m[1mmodule.instances.aws_instance.mean_instance (remote-exec):[0m [0m([107;97m##########[0m[100;90m⠂⠂⠂⠂⠂⠂⠂⠂[0m) ⠦ reify:is-number:[0m[K
[0m[1mmodule.instances.aws_instance.mean_instance (remote-exec):[0m [0m([107;97m##########[0m[100;90m⠂⠂⠂⠂⠂⠂⠂⠂[0m) ⠦ reify:is-number:[0m[K
[0m[1mmodule.instances.aws_instance.mean_instance (remote-exec):[0m [0m([107;97m##########[0m[100;90m⠂⠂⠂⠂⠂⠂⠂⠂[0m) ⠦ reify:is-number:[0m[K
[0m[1mmodule.instances.aws_instance.mean_instance (remote-exec):[0m [0m([107;97m##########[0m[100;90m⠂⠂⠂⠂⠂⠂⠂⠂[0m) ⠇ reify:run-parall[0m[K
[0m[1mmodule.instances.aws_instance.mean_instance (remote-exec):[0m [0m([107;97m##########[0m[100;90m⠂⠂⠂⠂⠂⠂⠂⠂[0m) ⠴ reify:merge2: [32;40mti[0m[K
[0m[1mmodule.instances.aws_instance.mean_instance (remote-exec):[0m [0m([107;97m##########[0m[100;90m⠂⠂⠂⠂⠂⠂⠂⠂[0m) ⠧ reify:ansi-regex[0m[K
[0m[1mmodule.instances.aws_instance.mean_instance (remote-exec):[0m [0m([107;97m##########[0m[100;90m⠂⠂⠂⠂⠂⠂⠂⠂[0m) ⠧ reify:ansi-regex[0m[K
[0m[1mmodule.instances.aws_instance.mean_instance (remote-exec):[0m [0m([107;97m##########[0m[100;90m⠂⠂⠂⠂⠂⠂⠂⠂[0m) ⠹ reify:brace-expa[0m[K
[0m[1mmodule.instances.aws_instance.mean_instance (remote-exec):[0m [0m([107;97m##########[0m[100;90m⠂⠂⠂⠂⠂⠂⠂⠂[0m) ⠸ reify:array-flat[0m[K
[0m[1mmodule.instances.aws_instance.mean_instance (remote-exec):[0m [0m([107;97m##########[0m[100;90m⠂⠂⠂⠂⠂⠂⠂⠂[0m) ⠴ reify:is-glob: [32;40mt[0m[K
[0m[1mmodule.instances.aws_instance.mean_instance (remote-exec):[0m [0m([107;97m##########[0m[100;90m⠂⠂⠂⠂⠂⠂⠂⠂[0m) ⠇ reify:color-name[0m[K
[0m[1mmodule.instances.aws_instance.mean_instance (remote-exec):[0m [0m([107;97m##########[0m[100;90m⠂⠂⠂⠂⠂⠂⠂⠂[0m) ⠧ reify:unpipe: [32;40mti[0m[K
[0m[1mmodule.instances.aws_instance.mean_instance (remote-exec):[0m [0m([107;97m##########[0m[100;90m⠂⠂⠂⠂⠂⠂⠂⠂[0m) ⠸ reify:path-type:[0m[K
[0m[1mmodule.instances.aws_instance.mean_instance (remote-exec):[0m [0m([107;97m##########[0m[100;90m⠂⠂⠂⠂⠂⠂⠂⠂[0m) ⠧ reify:@types/bod[0m[K
[0m[1mmodule.instances.aws_instance.mean_instance (remote-exec):[0m [0m([107;97m##########[0m[100;90m⠂⠂⠂⠂⠂⠂⠂⠂[0m) ⠹ reify:fresh: [32;40mtim[0m[K
[0m[1mmodule.instances.aws_instance.mean_instance (remote-exec):[0m [0m([107;97m##########[0m[100;90m⠂⠂⠂⠂⠂⠂⠂⠂[0m) ⠇ reify:content-ty[0m[K
[0m[1mmodule.instances.aws_instance.mean_instance (remote-exec):[0m [0m([107;97m##########[0m[100;90m⠂⠂⠂⠂⠂⠂⠂⠂[0m) ⠴ reify:ms: [32;40mtiming[0m[0m[K
[0m[1mmodule.instances.aws_instance.mean_instance (remote-exec):[0m [0m([107;97m##########[0m[100;90m⠂⠂⠂⠂⠂⠂⠂⠂[0m) ⠙ reify:proxy-addr[0m[K
[0m[1mmodule.instances.aws_instance.mean_instance (remote-exec):[0m [0m([107;97m##########[0m[100;90m⠂⠂⠂⠂⠂⠂⠂⠂[0m) ⠼ reify:fs.realpat[0m[K
[0m[1mmodule.instances.aws_instance.mean_instance (remote-exec):[0m [0m([107;97m##########[0m[100;90m⠂⠂⠂⠂⠂⠂⠂⠂[0m) ⠧ reify:lru-cache:[0m[K
[0m[1mmodule.instances.aws_instance.mean_instance (remote-exec):[0m [0m([107;97m##########[0m[100;90m⠂⠂⠂⠂⠂⠂⠂⠂[0m) ⠧ reify:lru-cache:[0m[K
[0m[1mmodule.instances.aws_instance.mean_instance (remote-exec):[0m [0m([107;97m##########[0m[100;90m⠂⠂⠂⠂⠂⠂⠂⠂[0m) ⠏ reify:ansi-style[0m[K
[0m[1mmodule.instances.aws_instance.mean_instance (remote-exec):[0m [0m([107;97m##########[0m[100;90m⠂⠂⠂⠂⠂⠂⠂⠂[0m) ⠹ reify:ansi-style[0m[K
[0m[1mmodule.instances.aws_instance.mean_instance (remote-exec):[0m [0m([107;97m##########[0m[100;90m⠂⠂⠂⠂⠂⠂⠂⠂[0m) ⠇ reify:is-unicode[0m[K
[0m[1mmodule.instances.aws_instance.mean_instance (remote-exec):[0m [0m([107;97m###########[0m[100;90m⠂⠂⠂⠂⠂⠂⠂[0m) ⠇ reify:is-wsl: [32;40mht[0m[K
[0m[1mmodule.instances.aws_instance.mean_instance (remote-exec):[0m [0m([107;97m###########[0m[100;90m⠂⠂⠂⠂⠂⠂⠂[0m) ⠇ reify:yocto-queu[0m[K
[0m[1mmodule.instances.aws_instance.mean_instance (remote-exec):[0m [0m([107;97m###########[0m[100;90m⠂⠂⠂⠂⠂⠂⠂[0m) ⠋ reify:@types/exp[0m[K
[0m[1mmodule.instances.aws_instance.mean_instance (remote-exec):[0m [0m([107;97m###########[0m[100;90m⠂⠂⠂⠂⠂⠂⠂[0m) ⠦ reify:@material/[0m[K
[0m[1mmodule.instances.aws_instance.mean_instance (remote-exec):[0m [0m([107;97m###########[0m[100;90m⠂⠂⠂⠂⠂⠂⠂[0m) ⠇ reify:unicode-ma[0m[K
[0m[1mmodule.instances.aws_instance.mean_instance (remote-exec):[0m [0m([107;97m###########[0m[100;90m⠂⠂⠂⠂⠂⠂⠂[0m) ⠴ reify:punycode: [32;40m[0m[K
[0m[1mmodule.instances.aws_instance.mean_instance (remote-exec):[0m [0m([107;97m###########[0m[100;90m⠂⠂⠂⠂⠂⠂⠂[0m) ⠧ reify:concat-map[0m[K
[0m[1mmodule.instances.aws_instance.mean_instance (remote-exec):[0m [0m([107;97m###########[0m[100;90m⠂⠂⠂⠂⠂⠂⠂[0m) ⠦ reify:run-async:[0m[K
[0m[1mmodule.instances.aws_instance.mean_instance (remote-exec):[0m [0m([107;97m###########[0m[100;90m⠂⠂⠂⠂⠂⠂⠂[0m) ⠦ reify:is-arrayis[0m[K
[0m[1mmodule.instances.aws_instance.mean_instance (remote-exec):[0m [0m([107;97m###########[0m[100;90m⠂⠂⠂⠂⠂⠂⠂[0m) ⠧ reify:unicode-pr[0m[K
[0m[1mmodule.instances.aws_instance.mean_instance (remote-exec):[0m [0m([107;97m###########[0m[100;90m⠂⠂⠂⠂⠂⠂⠂[0m) ⠦ reify:npm-normal[0m[K
[0m[1mmodule.instances.aws_instance.mean_instance (remote-exec):[0m [0m([107;97m############[0m[100;90m⠂⠂⠂⠂⠂⠂[0m) ⠴ reify:lines-and-[0m[K
[0m[1mmodule.instances.aws_instance.mean_instance (remote-exec):[0m [0m([107;97m############[0m[100;90m⠂⠂⠂⠂⠂⠂[0m) ⠦ reify:node-relea[0m[K
[0m[1mmodule.instances.aws_instance.mean_instance (remote-exec):[0m [0m([107;97m############[0m[100;90m⠂⠂⠂⠂⠂⠂[0m) ⠏ reify:mrmime: [32;40mti[0m[K
[0m[1mmodule.instances.aws_instance.mean_instance (remote-exec):[0m [0m([107;97m############[0m[100;90m⠂⠂⠂⠂⠂⠂[0m) ⠸ reify:string_dec[0m[K
[0m[1mmodule.instances.aws_instance.mean_instance (remote-exec):[0m [0m([107;97m############[0m[100;90m⠂⠂⠂⠂⠂⠂[0m) ⠸ reify:es-define-[0m[K
[0m[1mmodule.instances.aws_instance.mean_instance (remote-exec):[0m [0m([107;97m############[0m[100;90m⠂⠂⠂⠂⠂⠂[0m) ⠇ reify:ansi-color[0m[K
[0m[1mmodule.instances.aws_instance.mean_instance (remote-exec):[0m [0m([107;97m#############[0m[100;90m⠂⠂⠂⠂⠂[0m) ⠦ reify:get-packag[0m[K
[0m[1mmodule.instances.aws_instance.mean_instance (remote-exec):[0m [0m([107;97m#############[0m[100;90m⠂⠂⠂⠂⠂[0m) ⠴ reify:@babel/hel[0m[K
[0m[1mmodule.instances.aws_instance.mean_instance (remote-exec):[0m [0m([107;97m#############[0m[100;90m⠂⠂⠂⠂⠂[0m) ⠙ reify:@npmcli/no[0m[K
[0m[1mmodule.instances.aws_instance.mean_instance (remote-exec):[0m [0m([107;97m#############[0m[100;90m⠂⠂⠂⠂⠂[0m) ⠹ reify:@babel/plu[0m[K
[0m[1mmodule.instances.aws_instance.mean_instance (remote-exec):[0m [0m([107;97m##############[0m[100;90m⠂⠂⠂⠂[0m) ⠏ reify:@babel/plu[0m[K
[0m[1mmodule.instances.aws_instance.mean_instance (remote-exec):[0m [0m([107;97m##############[0m[100;90m⠂⠂⠂⠂[0m) ⠹ reify:multicast-[0m[K
[0m[1mmodule.instances.aws_instance.mean_instance (remote-exec):[0m [0m([107;97m##############[0m[100;90m⠂⠂⠂⠂[0m) ⠇ reify:qjobs: [32;40mtim[0m[K
[0m[1mmodule.instances.aws_instance.mean_instance (remote-exec):[0m [0m([107;97m##############[0m[100;90m⠂⠂⠂⠂[0m) ⠇ reify:@webassemb[0m[K
[0m[1mmodule.instances.aws_instance.mean_instance (remote-exec):[0m [0m([107;97m###############[0m[100;90m⠂⠂⠂[0m) ⠋ reify:argparse: [32;40m[0m[K
[0m[1mmodule.instances.aws_instance.mean_instance (remote-exec):[0m [0m([107;97m###############[0m[100;90m⠂⠂⠂[0m) ⠼ reify:@babel/hel[0m[K
[0m[1mmodule.instances.aws_instance.mean_instance (remote-exec):[0m [0m([107;97m###############[0m[100;90m⠂⠂⠂[0m) ⠋ reify:@babel/plu[0m[K
[0m[1mmodule.instances.aws_instance.mean_instance (remote-exec):[0m [0m([107;97m###############[0m[100;90m⠂⠂⠂[0m) ⠇ reify:mkdirp: [32;40mti[0m[K
[0m[1mmodule.instances.aws_instance.mean_instance (remote-exec):[0m [0m([107;97m###############[0m[100;90m⠂⠂⠂[0m) ⠋ reify:execa: [32;40mtim[0m[K
[0m[1mmodule.instances.aws_instance.mean_instance (remote-exec):[0m [0m([107;97m###############[0m[100;90m⠂⠂⠂[0m) ⠏ reify:image-size[0m[K
[0m[1mmodule.instances.aws_instance.mean_instance (remote-exec):[0m [0m([107;97m###############[0m[100;90m⠂⠂⠂[0m) ⠼ reify:@nodelib/f[0m[K
[0m[1mmodule.instances.aws_instance.mean_instance (remote-exec):[0m [0m([107;97m###############[0m[100;90m⠂⠂⠂[0m) ⠏ reify:sockjs: [32;40mti[0m[K
[0m[1mmodule.instances.aws_instance.mean_instance (remote-exec):[0m [0m([107;97m################[0m[100;90m⠂⠂[0m) ⠹ reify:ent: [32;40mtimin[0m[K
[0m[1mmodule.instances.aws_instance.mean_instance (remote-exec):[0m [0m([107;97m################[0m[100;90m⠂⠂[0m) ⠦ reify:jsonparse:[0m[K
[0m[1mmodule.instances.aws_instance.mean_instance (remote-exec):[0m [0m([107;97m################[0m[100;90m⠂⠂[0m) ⠴ reify:faye-webso[0m[K
[0m[1mmodule.instances.aws_instance.mean_instance (remote-exec):[0m [0m([107;97m################[0m[100;90m⠂⠂[0m) ⠴ reify:pacote: [32;40mti[0m[K
[0m[1mmodule.instances.aws_instance.mean_instance (remote-exec):[0m [0m([107;97m################[0m[100;90m⠂⠂[0m) ⠋ reify:domhandler[0m[K
[0m[1mmodule.instances.aws_instance.mean_instance (remote-exec):[0m [0m([107;97m################[0m[100;90m⠂⠂[0m) ⠸ reify:@material/[0m[K
[0m[1mmodule.instances.aws_instance.mean_instance (remote-exec):[0m [0m([107;97m################[0m[100;90m⠂⠂[0m) ⠧ reify:minimist: [32;40m[0m[K
[0m[1mmodule.instances.aws_instance.mean_instance (remote-exec):[0m [0m([107;97m################[0m[100;90m⠂⠂[0m) ⠏ reify:qs: [32;40mtiming[0m[0m[K
[0m[1mmodule.instances.aws_instance.mean_instance (remote-exec):[0m [0m([107;97m################[0m[100;90m⠂⠂[0m) ⠸ reify:@babel/hel[0m[K
[0m[1mmodule.instances.aws_instance.mean_instance (remote-exec):[0m [0m([107;97m################[0m[100;90m⠂⠂[0m) ⠇ reify:http-proxy[0m[K
[0m[1mmodule.instances.aws_instance.mean_instance (remote-exec):[0m [0m([107;97m################[0m[100;90m⠂⠂[0m) ⠋ reify:json5: [32;40mtim[0m[K
[0m[1mmodule.instances.aws_instance.mean_instance (remote-exec):[0m [0m([107;97m################[0m[100;90m⠂⠂[0m) ⠸ reify:webpack-de[0m[K
[0m[1mmodule.instances.aws_instance.mean_instance (remote-exec):[0m [0m([107;97m################[0m[100;90m⠂⠂[0m) ⠏ reify:webpack-de[0m[K
[0m[1mmodule.instances.aws_instance.mean_instance (remote-exec):[0m [0m([107;97m################[0m[100;90m⠂⠂[0m) ⠋ reify:magic-stri[0m[K
[0m[1mmodule.instances.aws_instance.mean_instance (remote-exec):[0m [0m([107;97m#################[0m[100;90m⠂[0m) ⠴ reify:isexe: [32;40mtim[0m[K
[0m[1mmodule.instances.aws_instance.mean_instance (remote-exec):[0m [0m([107;97m#################[0m[100;90m⠂[0m) ⠦ reify:engine.io-[0m[K
[0m[1mmodule.instances.aws_instance.mean_instance (remote-exec):[0m [0m([107;97m#################[0m[100;90m⠂[0m) ⠇ reify:xhr2: [32;40mhttp[0m[0m[K
[0m[1mmodule.instances.aws_instance.mean_instance (remote-exec):[0m [0m([107;97m#################[0m[100;90m⠂[0m) ⠇ reify:semver: [32;40mti[0m[K
[0m[1mmodule.instances.aws_instance.mean_instance (remote-exec):[0m [0m([107;97m#################[0m[100;90m⠂[0m) ⠧ reify:lru-cache:[0m[K
[0m[1mmodule.instances.aws_instance.mean_instance (remote-exec):[0m [0m([107;97m#################[0m[100;90m⠂[0m) ⠧ reify:@sigstore/[0m[K
[0m[1mmodule.instances.aws_instance.mean_instance (remote-exec):[0m [0m([107;97m#################[0m[100;90m⠂[0m) ⠹ reify:@ngtools/w[0m[K
[0m[1mmodule.instances.aws_instance.mean_instance (remote-exec):[0m [0m([107;97m#################[0m[100;90m⠂[0m) ⠦ reify:htmlparser[0m[K
[0m[1mmodule.instances.aws_instance.mean_instance (remote-exec):[0m [0m([107;97m#################[0m[100;90m⠂[0m) ⠹ reify:postcss: [32;40mh[0m[K
[0m[1mmodule.instances.aws_instance.mean_instance (remote-exec):[0m [0m([107;97m#################[0m[100;90m⠂[0m) ⠦ reify:@material/[0m[K
[0m[1mmodule.instances.aws_instance.mean_instance (remote-exec):[0m [0m([107;97m#################[0m[100;90m⠂[0m) ⠴ reify:js-yaml: [32;40mh[0m[K
[0m[1mmodule.instances.aws_instance.mean_instance (remote-exec):[0m [0m([107;97m#################[0m[100;90m⠂[0m) ⠋ reify:minimatch:[0m[K
[0m[1mmodule.instances.aws_instance.mean_instance (remote-exec):[0m [0m([107;97m#################[0m[100;90m⠂[0m) ⠙ reify:source-map[0m[K
[0m[1mmodule.instances.aws_instance.mean_instance (remote-exec):[0m [0m([107;97m#################[0m[100;90m⠂[0m) ⠦ reify:nice-napi:[0m[K
[0m[1mmodule.instances.aws_instance.mean_instance (remote-exec):[0m [0m([107;97m#################[0m[100;90m⠂[0m) ⠏ reify:@material/[0m[K
[0m[1mmodule.instances.aws_instance.mean_instance (remote-exec):[0m [0m([107;97m#################[0m[100;90m⠂[0m) ⠇ reify:needle: [32;40mht[0m[K
[0m[1mmodule.instances.aws_instance.mean_instance (remote-exec):[0m [0m([107;97m#################[0m[100;90m⠂[0m) ⠹ reify:@sigstore/[0m[K
[0m[1mmodule.instances.aws_instance.mean_instance (remote-exec):[0m [0m([107;97m#################[0m[100;90m⠂[0m) ⠇ reify:@material/[0m[K
[0m[1mmodule.instances.aws_instance.mean_instance (remote-exec):[0m [0m([107;97m#################[0m[100;90m⠂[0m) ⠏ reify:license-we[0m[K
[0m[1mmodule.instances.aws_instance.mean_instance (remote-exec):[0m [0m([107;97m#################[0m[100;90m⠂[0m) ⠋ reify:piscina: [32;40mt[0m[K
[0m[1mmodule.instances.aws_instance.mean_instance (remote-exec):[0m [0m([107;97m#################[0m[100;90m⠂[0m) ⠴ reify:glob: [32;40mtimi[0m[K
[0m[1mmodule.instances.aws_instance.mean_instance (remote-exec):[0m [0m([107;97m#################[0m[100;90m⠂[0m) ⠋ reify:@material/[0m[K
[0m[1mmodule.instances.aws_instance.mean_instance (remote-exec):[0m [0m([107;97m#################[0m[100;90m⠂[0m) ⠧ reify:@babel/tra[0m[K
[0m[1mmodule.instances.aws_instance.mean_instance (remote-exec):[0m [0m([107;97m#################[0m[100;90m⠂[0m) ⠧ reify:@material/[0m[K
[0m[1mmodule.instances.aws_instance.mean_instance (remote-exec):[0m [0m([107;97m##################[0m) ⠼ reify:@material/[0m[K
[0m[1mmodule.instances.aws_instance.mean_instance (remote-exec):[0m [0m([107;97m##################[0m) ⠏ reify:karma: [32;40mtim[0m[K
[0m[1mmodule.instances.aws_instance.mean_instance (remote-exec):[0m [0m([107;97m##################[0m) ⠴ reify:@angular-d[0m[K
[0m[1mmodule.instances.aws_instance.mean_instance (remote-exec):[0m [0m([107;97m##################[0m) ⠏ reify:@material/[0m[K
[0m[1mmodule.load_balancer.aws_lb.mean_lb: Still creating... [50s elapsed][0m[0m
[0m[1mmodule.instances.aws_instance.mean_instance (remote-exec):[0m [0m([107;97m##################[0m) ⠏ reify:@material/[0m[K
[0m[1mmodule.instances.aws_instance.mean_instance (remote-exec):[0m [0m([107;97m##################[0m) ⠹ reify:@material/[0m[K
[0m[1mmodule.instances.aws_instance.mean_instance (remote-exec):[0m [0m([107;97m##################[0m) ⠦ reify:ajv: [32;40mhttp[0m [35m[0m[K
[0m[1mmodule.instances.aws_instance.mean_instance (remote-exec):[0m [0m([107;97m##################[0m) ⠹ reify:@material/[0m[K
[0m[1mmodule.instances.aws_instance.mean_instance (remote-exec):[0m [0m([107;97m##################[0m) ⠇ reify:node-forge[0m[K
[0m[1mmodule.instances.aws_instance.mean_instance (remote-exec):[0m [0m([107;97m##################[0m) ⠸ reify:@rollup/ro[0m[K
[0m[1mmodule.instances.aws_instance.mean_instance (remote-exec):[0m [0m([107;97m##################[0m) ⠇ reify:resolve: [32;40mh[0m[K
[0m[1mmodule.instances.aws_instance.mean_instance (remote-exec):[0m [0m([107;97m##################[0m) ⠙ reify:resolve: [32;40mh[0m[K
[0m[1mmodule.instances.aws_instance.mean_instance (remote-exec):[0m [0m([107;97m##################[0m) ⠇ reify:terser: [32;40mht[0m[K
[0m[1mmodule.instances.aws_instance.mean_instance (remote-exec):[0m [0m([107;97m##################[0m) ⠸ reify:@babel/cor[0m[K
[0m[1mmodule.instances.aws_instance.mean_instance: Still creating... [40s elapsed][0m[0m
[0m[1mmodule.instances.aws_instance.mean_instance (remote-exec):[0m [0m([107;97m##################[0m) ⠦ reify:@babel/cor[0m[K
[0m[1mmodule.instances.aws_instance.mean_instance (remote-exec):[0m [0m([107;97m##################[0m) ⠼ reify:@material/[0m[K
[0m[1mmodule.instances.aws_instance.mean_instance (remote-exec):[0m [0m([107;97m##################[0m) ⠏ reify:@material/[0m[K
[0m[1mmodule.instances.aws_instance.mean_instance (remote-exec):[0m [0m([107;97m##################[0m) ⠼ reify:@angular/r[0m[K
[0m[1mmodule.instances.aws_instance.mean_instance (remote-exec):[0m [0m([107;97m##################[0m) ⠋ reify:node-gyp: [32;40m[0m[K
[0m[1mmodule.instances.aws_instance.mean_instance (remote-exec):[0m [0m([107;97m##################[0m) ⠧ reify:zone.js: [32;40mt[0m[K
[0m[1mmodule.instances.aws_instance.mean_instance (remote-exec):[0m [0m([107;97m##################[0m) ⠏ reify:vite: [32;40mtimi[0m[K
[0m[1mmodule.instances.aws_instance.mean_instance (remote-exec):[0m [0m([107;97m##################[0m) ⠏ reify:vite: [32;40mtimi[0m[K
[0m[1mmodule.instances.aws_instance.mean_instance (remote-exec):[0m [0m([107;97m##################[0m) ⠦ reify:@angular/p[0m[K
[0m[1mmodule.instances.aws_instance.mean_instance (remote-exec):[0m [0m([107;97m##################[0m) ⠇ reify:@angular/c[0m[K
[0m[1mmodule.instances.aws_instance.mean_instance (remote-exec):[0m [0m([107;97m##################[0m) ⠹ reify:@angular/c[0m[K
[0m[1mmodule.instances.aws_instance.mean_instance (remote-exec):[0m [0m([107;97m##################[0m) ⠦ reify:sass: [32;40mtimi[0m[K
[0m[1mmodule.instances.aws_instance.mean_instance (remote-exec):[0m [0m([107;97m##################[0m) ⠇ reify:@babel/typ[0m[K
[0m[1mmodule.instances.aws_instance.mean_instance (remote-exec):[0m [0m([107;97m##################[0m) ⠸ reify:@types/nod[0m[K
[0m[1mmodule.instances.aws_instance.mean_instance (remote-exec):[0m [0m([107;97m##################[0m) ⠇ reify:@types/nod[0m[K
[0m[1mmodule.instances.aws_instance.mean_instance (remote-exec):[0m [0m([107;97m##################[0m) ⠋ reify:@types/nod[0m[K
[0m[1mmodule.instances.aws_instance.mean_instance (remote-exec):[0m [0m([107;97m##################[0m) ⠙ reify:@types/nod[0m[K
[0m[1mmodule.instances.aws_instance.mean_instance (remote-exec):[0m [0m([107;97m##################[0m) ⠹ reify:regenerate[0m[K
[0m[1mmodule.instances.aws_instance.mean_instance (remote-exec):[0m [0m([107;97m##################[0m) ⠹ reify:regenerate[0m[K
[0m[1mmodule.instances.aws_instance.mean_instance (remote-exec):[0m [0m([107;97m##################[0m) ⠹ reify:regenerate[0m[K
[0m[1mmodule.instances.aws_instance.mean_instance (remote-exec):[0m [0m([107;97m##################[0m) ⠹ reify:regenerate[0m[K
[0m[1mmodule.instances.aws_instance.mean_instance (remote-exec):[0m [0m([107;97m##################[0m) ⠹ reify:regenerate[0m[K
[0m[1mmodule.instances.aws_instance.mean_instance (remote-exec):[0m [0m([107;97m##################[0m) ⠹ reify:regenerate[0m[K
[0m[1mmodule.instances.aws_instance.mean_instance (remote-exec):[0m [0m([107;97m##################[0m) ⠹ reify:regenerate[0m[K
[0m[1mmodule.instances.aws_instance.mean_instance (remote-exec):[0m [0m([107;97m##################[0m) ⠹ reify:regenerate[0m[K
[0m[1mmodule.instances.aws_instance.mean_instance (remote-exec):[0m [0m([107;97m##################[0m) ⠴ reify:regenerate[0m[K
[0m[1mmodule.instances.aws_instance.mean_instance (remote-exec):[0m [0m([107;97m##################[0m) ⠏ reify:regenerate[0m[K
[0m[1mmodule.instances.aws_instance.mean_instance (remote-exec):[0m [0m([107;97m##################[0m) ⠼ reify:ajv: [32;40mhttp[0m [35m[0m[K
[0m[1mmodule.instances.aws_instance.mean_instance (remote-exec):[0m [0m([107;97m##################[0m) ⠼ reify:ajv: [32;40mhttp[0m [35m[0m[K
[0m[1mmodule.instances.aws_instance.mean_instance (remote-exec):[0m [0m([107;97m##################[0m) ⠏ reify:ajv: [32;40mhttp[0m [35m[0m[K
[0m[1mmodule.instances.aws_instance.mean_instance (remote-exec):[0m [0m([107;97m##################[0m) ⠏ reify:ajv: [32;40mhttp[0m [35m[0m[K
[0m[1mmodule.instances.aws_instance.mean_instance (remote-exec):[0m [0m([107;97m##################[0m) ⠏ reify:ajv: [32;40mhttp[0m [35m[0m[K
[0m[1mmodule.instances.aws_instance.mean_instance (remote-exec):[0m [0m([107;97m##################[0m) ⠏ reify:ajv: [32;40mhttp[0m [35m[0m[K
[0m[1mmodule.instances.aws_instance.mean_instance (remote-exec):[0m [0m([107;97m##################[0m) ⠹ reify:ajv: [32;40mhttp[0m [35m[0m[K
[0m[1mmodule.instances.aws_instance.mean_instance (remote-exec):[0m [0m([107;97m##################[0m) ⠸ reify:@esbuild/l[0m[K
[0m[1mmodule.instances.aws_instance.mean_instance (remote-exec):[0m [0m([107;97m##################[0m) ⠸ reify:less: [32;40mtimi[0m[K
[0m[1mmodule.instances.aws_instance.mean_instance (remote-exec):[0m [0m([107;97m##################[0m) ⠙ reify:@angular-d[0m[K
[0m[1mmodule.instances.aws_instance.mean_instance (remote-exec):[0m [0m([107;97m##################[0m) ⠼ reify:@angular-d[0m[K
[0m[1mmodule.instances.aws_instance.mean_instance (remote-exec):[0m [0m([107;97m##################[0m) ⠼ reify:@angular-d[0m[K
[0m[1mmodule.instances.aws_instance.mean_instance (remote-exec):[0m [0m([107;97m##################[0m) ⠋ reify:esbuild-wa[0m[K
[0m[1mmodule.instances.aws_instance.mean_instance (remote-exec):[0m [0m([107;97m##################[0m) ⠴ reify:esbuild-wa[0m[K
[0m[1mmodule.instances.aws_instance.mean_instance (remote-exec):[0m [0m([107;97m##################[0m) ⠧ reify:esbuild-wa[0m[K
[0m[1mmodule.instances.aws_instance.mean_instance (remote-exec):[0m [0m([107;97m##################[0m) ⠋ reify:esbuild-wa[0m[K
[0m[1mmodule.instances.aws_instance.mean_instance (remote-exec):[0m [0m([107;97m##################[0m) ⠋ reify:esbuild-wa[0m[K
[0m[1mmodule.instances.aws_instance.mean_instance (remote-exec):[0m [0m([107;97m##################[0m) ⠋ reify:esbuild-wa[0m[K
[0m[1mmodule.instances.aws_instance.mean_instance (remote-exec):[0m [0m([107;97m##################[0m) ⠦ reify:esbuild-wa[0m[K
[0m[1mmodule.instances.aws_instance.mean_instance (remote-exec):[0m [0m([107;97m##################[0m) ⠏ reify:esbuild-wa[0m[K
[0m[1mmodule.instances.aws_instance.mean_instance (remote-exec):[0m [0m([107;97m##################[0m) ⠹ reify:esbuild-wa[0m[K
[0m[1mmodule.instances.aws_instance.mean_instance (remote-exec):[0m [0m([107;97m##################[0m) ⠼ reify:esbuild-wa[0m[K
[0m[1mmodule.instances.aws_instance.mean_instance (remote-exec):[0m [0m([107;97m##################[0m) ⠋ reify:esbuild-wa[0m[K
[0m[1mmodule.instances.aws_instance.mean_instance (remote-exec):[0m [0m([107;97m##################[0m) ⠦ reify:esbuild-wa[0m[K
[0m[1mmodule.instances.aws_instance.mean_instance (remote-exec):[0m [0m([107;97m##################[0m) ⠏ reify:esbuild-wa[0m[K
[0m[1mmodule.instances.aws_instance.mean_instance (remote-exec):[0m [0m([107;97m##################[0m) ⠹ reify:esbuild-wa[0m[K
[0m[1mmodule.instances.aws_instance.mean_instance (remote-exec):[0m [0m([107;97m##################[0m) ⠇ reify:esbuild-wa[0m[K
[0m[1mmodule.instances.aws_instance.mean_instance (remote-exec):[0m [0m([107;97m##################[0m) ⠹ reify:esbuild-wa[0m[K
[0m[1mmodule.instances.aws_instance.mean_instance (remote-exec):[0m [0m([107;97m##################[0m) ⠸ reify:@angular/c[0m[K
[0m[1mmodule.instances.aws_instance.mean_instance (remote-exec):[0m [0m([107;97m##################[0m) ⠹ reify:@angular/c[0m[K
[0m[1mmodule.instances.aws_instance.mean_instance (remote-exec):[0m [0m([107;97m##################[0m) ⠧ reify:@schematic[0m[K
[0m[1mmodule.instances.aws_instance.mean_instance (remote-exec):[0m [0m([107;97m##################[0m) ⠋ reify:@schematic[0m[K
[0m[1mmodule.instances.aws_instance.mean_instance (remote-exec):[0m [0m([107;97m##################[0m) ⠇ reify:@schematic[0m[K
[0m[1mmodule.instances.aws_instance.mean_instance (remote-exec):[0m [0m([107;97m##################[0m) ⠼ reify:lodash: [32;40mht[0m[K
[0m[1mmodule.instances.aws_instance.mean_instance (remote-exec):[0m [0m([107;97m##################[0m) ⠼ reify:lodash: [32;40mht[0m[K
[0m[1mmodule.instances.aws_instance.mean_instance (remote-exec):[0m [0m([107;97m##################[0m) ⠦ reify:webpack: [32;40mh[0m[K
[0m[1mmodule.instances.aws_instance.mean_instance (remote-exec):[0m [0m([107;97m##################[0m) ⠦ reify:webpack: [32;40mh[0m[K
[0m[1mmodule.instances.aws_instance.mean_instance (remote-exec):[0m [0m([107;97m##################[0m) ⠦ reify:webpack: [32;40mh[0m[K
[0m[1mmodule.instances.aws_instance.mean_instance (remote-exec):[0m [0m([107;97m##################[0m) ⠦ reify:webpack: [32;40mh[0m[K
[0m[1mmodule.instances.aws_instance.mean_instance (remote-exec):[0m [0m([107;97m##################[0m) ⠦ reify:webpack: [32;40mh[0m[K
[0m[1mmodule.instances.aws_instance.mean_instance (remote-exec):[0m [0m([107;97m##################[0m) ⠇ reify:@angular/c[0m[K
[0m[1mmodule.instances.aws_instance.mean_instance (remote-exec):[0m [0m([107;97m##################[0m) ⠇ reify:@angular/c[0m[K
[0m[1mmodule.instances.aws_instance.mean_instance (remote-exec):[0m [0m([107;97m##################[0m) ⠇ reify:@angular/c[0m[K
[0m[1mmodule.instances.aws_instance.mean_instance (remote-exec):[0m [0m([107;97m##################[0m) ⠇ reify:@angular/c[0m[K
[0m[1mmodule.instances.aws_instance.mean_instance (remote-exec):[0m [0m([107;97m##################[0m) ⠇ reify:@angular/c[0m[K
[0m[1mmodule.instances.aws_instance.mean_instance (remote-exec):[0m [0m([107;97m##################[0m) ⠇ reify:@angular/c[0m[K
[0m[1mmodule.instances.aws_instance.mean_instance (remote-exec):[0m [0m([107;97m##################[0m) ⠇ reify:@angular/c[0m[K
[0m[1mmodule.instances.aws_instance.mean_instance (remote-exec):[0m [0m([107;97m##################[0m) ⠇ reify:@angular/c[0m[K
[0m[1mmodule.instances.aws_instance.mean_instance (remote-exec):[0m [0m([107;97m##################[0m) ⠇ reify:@angular/c[0m[K
[0m[1mmodule.instances.aws_instance.mean_instance (remote-exec):[0m [0m([107;97m##################[0m) ⠇ reify:@angular/c[0m[K
[0m[1mmodule.instances.aws_instance.mean_instance (remote-exec):[0m [0m([107;97m##################[0m) ⠇ reify:@angular/c[0m[K
[0m[1mmodule.instances.aws_instance.mean_instance (remote-exec):[0m [0m([107;97m##################[0m) ⠏ reify:typescript[0m[K
[0m[1mmodule.instances.aws_instance.mean_instance (remote-exec):[0m [0m([107;97m##################[0m) ⠏ reify:typescript[0m[K
[0m[1mmodule.instances.aws_instance.mean_instance (remote-exec):[0m [0m([107;97m##################[0m) ⠏ reify:typescript[0m[K
[0m[1mmodule.instances.aws_instance.mean_instance (remote-exec):[0m [0m([107;97m##################[0m) ⠏ reify:typescript[0m[K
[0m[1mmodule.instances.aws_instance.mean_instance (remote-exec):[0m [0m([107;97m##################[0m) ⠏ reify:typescript[0m[K
[0m[1mmodule.instances.aws_instance.mean_instance (remote-exec):[0m [0m([107;97m##################[0m) ⠏ reify:typescript[0m[K
[0m[1mmodule.instances.aws_instance.mean_instance (remote-exec):[0m [0m([107;97m##################[0m) ⠙ reify:@angular/c[0m[K
[0m[1mmodule.instances.aws_instance.mean_instance (remote-exec):[0m [0m([107;97m##################[0m) ⠙ reify:@angular/c[0m[K
[0m[1mmodule.instances.aws_instance.mean_instance (remote-exec):[0m [0m([107;97m##################[0m) ⠙ reify:@angular/c[0m[K
[0m[1mmodule.instances.aws_instance.mean_instance (remote-exec):[0m [0m([107;97m##################[0m) ⠙ reify:@angular/c[0m[K
[0m[1mmodule.instances.aws_instance.mean_instance (remote-exec):[0m [0m([107;97m##################[0m) ⠙ reify:@angular/c[0m[K
[0m[1mmodule.instances.aws_instance.mean_instance (remote-exec):[0m [0m([107;97m##################[0m) ⠙ reify:@angular/c[0m[K
[0m[1mmodule.instances.aws_instance.mean_instance (remote-exec):[0m [0m([107;97m##################[0m) ⠙ reify:@angular/c[0m[K
[0m[1mmodule.instances.aws_instance.mean_instance (remote-exec):[0m [0m([107;97m##################[0m) ⠙ reify:@angular/c[0m[K
[0m[1mmodule.instances.aws_instance.mean_instance (remote-exec):[0m [0m([107;97m##################[0m) ⠴ reify:@angular/m[0m[K
[0m[1mmodule.instances.aws_instance.mean_instance (remote-exec):[0m [0m([107;97m##################[0m) ⠴ reify:@angular/m[0m[K
[0m[1mmodule.instances.aws_instance.mean_instance (remote-exec):[0m [0m([107;97m##################[0m) ⠴ reify:@angular/m[0m[K
[0m[1mmodule.instances.aws_instance.mean_instance (remote-exec):[0m [0m([107;97m##################[0m) ⠴ reify:@angular/m[0m[K
[0m[1mmodule.instances.aws_instance.mean_instance (remote-exec):[0m [0m([107;97m##################[0m) ⠴ reify:@angular/m[0m[K
[0m[1mmodule.instances.aws_instance.mean_instance (remote-exec):[0m [0m([107;97m##################[0m) ⠴ reify:@angular/m[0m[K
[0m[1mmodule.instances.aws_instance.mean_instance (remote-exec):[0m [0m([107;97m##################[0m) ⠏ reify:@angular/c[0m[K
[0m[1mmodule.instances.aws_instance.mean_instance (remote-exec):[0m [0m([107;97m##################[0m) ⠹ reify:@angular/c[0m[K
[0m[1mmodule.instances.aws_instance.mean_instance (remote-exec):[0m [0m([107;97m##################[0m) ⠹ reify:@angular/c[0m[K
[0m[1mmodule.instances.aws_instance.mean_instance (remote-exec):[0m [0m([107;97m##################[0m) ⠹ reify:@angular/c[0m[K
[0m[1mmodule.instances.aws_instance.mean_instance (remote-exec):[0m [0m([107;97m##################[0m) ⠹ reify:@angular/c[0m[K
[0m[1mmodule.instances.aws_instance.mean_instance (remote-exec):[0m [0m([107;97m##################[0m) ⠹ reify:@angular/c[0m[K
[0m[1mmodule.instances.aws_instance.mean_instance (remote-exec):[0m [0m([107;97m##################[0m) ⠹ reify:@angular/c[0m[K
[0m[1mmodule.instances.aws_instance.mean_instance (remote-exec):[0m [0m([107;97m##################[0m) ⠧ reify:@angular/c[0m[K
[0m[1mmodule.instances.aws_instance.mean_instance (remote-exec):[0m [0m([107;97m##################[0m) ⠧ reify:@angular/c[0m[K
[0m[1mmodule.instances.aws_instance.mean_instance (remote-exec):[0m [0m([107;97m##################[0m) ⠧ reify:@angular/c[0m[K
[0m[1mmodule.instances.aws_instance.mean_instance (remote-exec):[0m [0m([107;97m##################[0m) ⠧ reify:@angular/c[0m[K
[0m[1mmodule.instances.aws_instance.mean_instance (remote-exec):[0m [0m([107;97m##################[0m) ⠦ reify:@angular/c[0m[K
[0m[1mmodule.instances.aws_instance.mean_instance (remote-exec):[0m [0m([107;97m##################[0m) ⠧ reify:@angular/c[0m[K
[0m[1mmodule.instances.aws_instance.mean_instance (remote-exec):[0m [0m[K[?25h

[0m[1mmodule.instances.aws_instance.mean_instance (remote-exec):[0m [0madded 966 packages, and audited 967 packages in 23s

[0m[1mmodule.instances.aws_instance.mean_instance (remote-exec):[0m [0m117 packages are looking for funding
[0m[1mmodule.instances.aws_instance.mean_instance (remote-exec):[0m [0m  run `npm fund` for details

[0m[1mmodule.instances.aws_instance.mean_instance (remote-exec):[0m [0m[31m[1m23[22m[39m vulnerabilities (4 [1mlow[22m, 7 [33m[1mmoderate[22m[39m, 12 [31m[1mhigh[22m[39m)

[0m[1mmodule.instances.aws_instance.mean_instance (remote-exec):[0m [0mTo address all issues, run:
[0m[1mmodule.instances.aws_instance.mean_instance (remote-exec):[0m [0m  npm audit fix

[0m[1mmodule.instances.aws_instance.mean_instance (remote-exec):[0m [0mRun `npm audit` for details.
[0m[1mmodule.instances.aws_instance.mean_instance (remote-exec):[0m [0m[37;40mnpm[0m [0m[30;43mWARN[0m [0m[35mconfig[0m production Use `--omit=dev` instead.
[0m[1mmodule.instances.aws_instance.mean_instance (remote-exec):[0m [0m[0m
[0m[1mmodule.instances.aws_instance.mean_instance (remote-exec):[0m [0m> client@0.0.0 build
[0m[1mmodule.instances.aws_instance.mean_instance (remote-exec):[0m [0m> ng build

[0m[1mmodule.instances.aws_instance.mean_instance (remote-exec):[0m [0m[36m⠋[39m Building...
[0m[1mmodule.instances.aws_instance.mean_instance (remote-exec):[0m [0m[2K[1G[1A[2K[1G[36m⠙[39m Building...
[0m[1mmodule.instances.aws_instance.mean_instance (remote-exec):[0m [0m[2K[1G[1A[2K[1G[36m⠹[39m Building...
[0m[1mmodule.instances.aws_instance.mean_instance (remote-exec):[0m [0m[2K[1G[1A[2K[1G[36m⠸[39m Building...
[0m[1mmodule.instances.aws_instance.mean_instance (remote-exec):[0m [0m[2K[1G[1A[2K[1G[36m⠼[39m Building...
[0m[1mmodule.instances.aws_instance.mean_instance (remote-exec):[0m [0m[2K[1G[1A[2K[1G[36m⠴[39m Building...
[0m[1mmodule.instances.aws_instance.mean_instance (remote-exec):[0m [0m[2K[1G[1A[2K[1G[36m⠦[39m Building...
[0m[1mmodule.instances.aws_instance.mean_instance (remote-exec):[0m [0m[2K[1G[1A[2K
[0m[1mmodule.instances.aws_instance.mean_instance (remote-exec):[0m [0m[1G[36m⠧[39m Building...
[0m[1mmodule.instances.aws_instance.mean_instance (remote-exec):[0m [0m[2K[1G[1A[2K[1G[36m⠇[39m Building...
[0m[1mmodule.instances.aws_instance.mean_instance (remote-exec):[0m [0m[2K[1G[1A[2K[1G[36m⠏[39m Building...
[0m[1mmodule.load_balancer.aws_lb.mean_lb: Still creating... [1m0s elapsed][0m[0m
[0m[1mmodule.instances.aws_instance.mean_instance (remote-exec):[0m [0m[2K[1G[1A[2K[1G[36m⠋[39m Building...
[0m[1mmodule.instances.aws_instance.mean_instance (remote-exec):[0m [0m[2K[1G[1A[2K[1G[36m⠙[39m Building...
[0m[1mmodule.instances.aws_instance.mean_instance (remote-exec):[0m [0m[2K[1G[1A[2K[1G[36m⠹[39m Building...
[0m[1mmodule.instances.aws_instance.mean_instance (remote-exec):[0m [0m[2K[1G[1A[2K[1G[36m⠸[39m Building...
[0m[1mmodule.instances.aws_instance.mean_instance (remote-exec):[0m [0m[2K[1G[1A[2K[1G[36m⠼[39m Building...
[0m[1mmodule.instances.aws_instance.mean_instance: Still creating... [50s elapsed][0m[0m
[0m[1mmodule.instances.aws_instance.mean_instance (remote-exec):[0m [0m[2K[1G[1A[2K[1G[36m⠴[39m Building...
[0m[1mmodule.instances.aws_instance.mean_instance (remote-exec):[0m [0m[2K[1G[1A[2K[1G[36m⠦[39m Building...
[0m[1mmodule.instances.aws_instance.mean_instance (remote-exec):[0m [0m[2K[1G[1A[2K[1G[36m⠧[39m Building...
[0m[1mmodule.instances.aws_instance.mean_instance (remote-exec):[0m [0m[2K[1G[1A[2K[1G[36m⠇[39m Building...
[0m[1mmodule.instances.aws_instance.mean_instance (remote-exec):[0m [0m[2K[1G[1A[2K[1G[36m⠏[39m Building...
[0m[1mmodule.instances.aws_instance.mean_instance (remote-exec):[0m [0m[2K[1G[1A[2K[1G[36m⠋[39m Building...
[0m[1mmodule.instances.aws_instance.mean_instance (remote-exec):[0m [0m[2K[1G[1A[2K[1G[36m⠙[39m Building...
[0m[1mmodule.instances.aws_instance.mean_instance (remote-exec):[0m [0m[2K[1G[1A[2K[1G[36m⠹[39m Building...
[0m[1mmodule.instances.aws_instance.mean_instance (remote-exec):[0m [0m[2K[1G[1A[2K[1G[36m⠸[39m Building...
[0m[1mmodule.instances.aws_instance.mean_instance (remote-exec):[0m [0m[2K[1G[1A[2K[1G[36m⠼[39m Building...
[0m[1mmodule.instances.aws_instance.mean_instance (remote-exec):[0m [0m[2K[1G[1A[2K[1G[36m⠴[39m Building...
[0m[1mmodule.instances.aws_instance.mean_instance (remote-exec):[0m [0m[2K[1G[1A[2K[1G[36m⠦[39m Building...
[0m[1mmodule.instances.aws_instance.mean_instance (remote-exec):[0m [0m[2K[1G[1A[2K[1G[36m⠧[39m Building...
[0m[1mmodule.instances.aws_instance.mean_instance (remote-exec):[0m [0m[2K[1G[1A[2K[1G[36m⠇[39m Building...
[0m[1mmodule.instances.aws_instance.mean_instance (remote-exec):[0m [0m[2K[1G[1A[2K[1G[36m⠏[39m Building...
[0m[1mmodule.instances.aws_instance.mean_instance (remote-exec):[0m [0m[2K[1G[1A[2K[1G[36m⠋[39m Building...
[0m[1mmodule.instances.aws_instance.mean_instance (remote-exec):[0m [0m[2K[1G[1A[2K[1G[36m⠙[39m Building...
[0m[1mmodule.instances.aws_instance.mean_instance (remote-exec):[0m [0m[2K[1G[1A[2K[1G[36m⠹[39m Building...
[0m[1mmodule.instances.aws_instance.mean_instance (remote-exec):[0m [0m[2K[1G[1A[2K[1G[36m⠸[39m Building...
[0m[1mmodule.instances.aws_instance.mean_instance (remote-exec):[0m [0m[2K[1G[1A[2K[1G[36m⠼[39m Building...
[0m[1mmodule.instances.aws_instance.mean_instance (remote-exec):[0m [0m[2K[1G[1A[2K[1G[36m⠴[39m Building...
[0m[1mmodule.instances.aws_instance.mean_instance (remote-exec):[0m [0m[2K[1G[1A[2K[1G[36m⠦[39m Building...
[0m[1mmodule.instances.aws_instance.mean_instance (remote-exec):[0m [0m[2K[1G[1A[2K[1G[36m⠧[39m Building...
[0m[1mmodule.instances.aws_instance.mean_instance (remote-exec):[0m [0m[2K[1G[1A[2K[1G[36m⠇[39m Building...
[0m[1mmodule.instances.aws_instance.mean_instance (remote-exec):[0m [0m[2K[1G[1A[2K[1G[36m⠏[39m Building...
[0m[1mmodule.instances.aws_instance.mean_instance (remote-exec):[0m [0m[2K[1G[1A[2K[1G[36m⠋[39m Building...
[0m[1mmodule.instances.aws_instance.mean_instance (remote-exec):[0m [0m[2K[1G[1A[2K[1G[36m⠙[39m Building...
[0m[1mmodule.instances.aws_instance.mean_instance (remote-exec):[0m [0m[2K[1G[1A[2K[1G[36m⠹[39m Building...
[0m[1mmodule.instances.aws_instance.mean_instance (remote-exec):[0m [0m[2K[1G[1A[2K[1G[36m⠸[39m Building...
[0m[1mmodule.instances.aws_instance.mean_instance (remote-exec):[0m [0m[2K[1G[1A[2K[1G[36m⠼[39m Building...
[0m[1mmodule.instances.aws_instance.mean_instance (remote-exec):[0m [0m[2K[1G[1A[2K[1G[36m⠴[39m Building...
[0m[1mmodule.instances.aws_instance.mean_instance (remote-exec):[0m [0m[2K[1G[1A[2K[1G[36m⠦[39m Building...
[0m[1mmodule.instances.aws_instance.mean_instance (remote-exec):[0m [0m[2K[1G[1A[2K[1G[36m⠧[39m Building...
[0m[1mmodule.instances.aws_instance.mean_instance (remote-exec):[0m [0m[2K[1G[1A[2K[1G[36m⠇[39m Building...
[0m[1mmodule.instances.aws_instance.mean_instance (remote-exec):[0m [0m[2K[1G[1A[2K[1G[36m⠏[39m Building...
[0m[1mmodule.instances.aws_instance.mean_instance (remote-exec):[0m [0m[2K[1G[1A[2K[1G[36m⠋[39m Building...
[0m[1mmodule.instances.aws_instance.mean_instance (remote-exec):[0m [0m[2K[1G[1A[2K[1G[36m⠙[39m Building...
[0m[1mmodule.instances.aws_instance.mean_instance (remote-exec):[0m [0m[2K[1G[1A[2K[1G[36m⠹[39m Building...
[0m[1mmodule.instances.aws_instance.mean_instance (remote-exec):[0m [0m[2K[1G[1A[2K[1G[36m⠸[39m Building...
[0m[1mmodule.instances.aws_instance.mean_instance (remote-exec):[0m [0m[2K[1G[1A[2K[1G[36m⠼[39m Building...
[0m[1mmodule.instances.aws_instance.mean_instance (remote-exec):[0m [0m[2K[1G[1A[2K[1G[36m⠴[39m Building...
[0m[1mmodule.instances.aws_instance.mean_instance (remote-exec):[0m [0m[2K[1G[1A[2K[1G[36m⠦[39m Building...
[0m[1mmodule.instances.aws_instance.mean_instance (remote-exec):[0m [0m[2K[1G[1A[2K[1G[36m⠧[39m Building...
[0m[1mmodule.instances.aws_instance.mean_instance (remote-exec):[0m [0m[2K[1G[1A[2K[1G[36m⠇[39m Building...
[0m[1mmodule.instances.aws_instance.mean_instance (remote-exec):[0m [0m[2K[1G[1A[2K[1G[36m⠏[39m Building...
[0m[1mmodule.instances.aws_instance.mean_instance (remote-exec):[0m [0m[2K[1G[1A[2K[1G[36m⠋[39m Building...
[0m[1mmodule.instances.aws_instance.mean_instance (remote-exec):[0m [0m[2K[1G[1A[2K[1G[36m⠙[39m Building...
[0m[1mmodule.instances.aws_instance.mean_instance (remote-exec):[0m [0m[2K[1G[1A[2K[1G[36m⠹[39m Building...
[0m[1mmodule.instances.aws_instance.mean_instance (remote-exec):[0m [0m[2K[1G[1A[2K[1G[36m⠸[39m Building...
[0m[1mmodule.instances.aws_instance.mean_instance (remote-exec):[0m [0m[2K[1G[1A[2K[1G[36m⠼[39m Building...
[0m[1mmodule.instances.aws_instance.mean_instance (remote-exec):[0m [0m[2K[1G[1A[2K[1G[36m⠴[39m Building...
[0m[1mmodule.instances.aws_instance.mean_instance (remote-exec):[0m [0m[2K[1G[1A[2K[1G[36m⠦[39m Building...
[0m[1mmodule.instances.aws_instance.mean_instance (remote-exec):[0m [0m[2K[1G[1A[2K[1G[36m⠧[39m Building...
[0m[1mmodule.instances.aws_instance.mean_instance (remote-exec):[0m [0m[2K[1G[1A[2K[1G[36m⠇[39m Building...
[0m[1mmodule.instances.aws_instance.mean_instance (remote-exec):[0m [0m[2K[1G[1A[2K[1G[36m⠏[39m Building...
[0m[1mmodule.instances.aws_instance.mean_instance (remote-exec):[0m [0m[2K[1G[1A[2K[1G[36m⠋[39m Building...
[0m[1mmodule.instances.aws_instance.mean_instance (remote-exec):[0m [0m[2K[1G[1A[2K[1G[36m⠙[39m Building...
[0m[1mmodule.instances.aws_instance.mean_instance (remote-exec):[0m [0m[2K[1G[1A[2K[1G[36m⠹[39m Building...
[0m[1mmodule.instances.aws_instance.mean_instance (remote-exec):[0m [0m[2K[1G[1A[2K[1G[36m⠸[39m Building...
[0m[1mmodule.instances.aws_instance.mean_instance (remote-exec):[0m [0m[2K[1G[1A[2K[1G[36m⠼[39m Building...
[0m[1mmodule.instances.aws_instance.mean_instance (remote-exec):[0m [0m[2K[1G[1A[2K[1G[36m⠴[39m Building...
[0m[1mmodule.instances.aws_instance.mean_instance (remote-exec):[0m [0m[2K[1G[1A[2K[1G[36m⠦[39m Building...
[0m[1mmodule.instances.aws_instance.mean_instance (remote-exec):[0m [0m[2K[1G[1A[2K[1G[36m⠧[39m Building...
[0m[1mmodule.instances.aws_instance.mean_instance (remote-exec):[0m [0m[2K[1G[1A[2K[1G[36m⠇[39m Building...
[0m[1mmodule.instances.aws_instance.mean_instance (remote-exec):[0m [0m[2K[1G[1A[2K[1G[36m⠏[39m Building...
[0m[1mmodule.instances.aws_instance.mean_instance (remote-exec):[0m [0m[2K[1G[1A[2K[1G[36m⠋[39m Building...
[0m[1mmodule.instances.aws_instance.mean_instance (remote-exec):[0m [0m[2K[1G[1A[2K[1G[36m⠙[39m Building...
[0m[1mmodule.instances.aws_instance.mean_instance (remote-exec):[0m [0m[2K[1G[1A[2K[1G[36m⠹[39m Building...
[0m[1mmodule.instances.aws_instance.mean_instance (remote-exec):[0m [0m[2K[1G[1A[2K[1G[36m⠸[39m Building...
[0m[1mmodule.instances.aws_instance.mean_instance (remote-exec):[0m [0m[2K[1G[1A[2K[1G[36m⠼[39m Building...
[0m[1mmodule.instances.aws_instance.mean_instance (remote-exec):[0m [0m[2K[1G[1A[2K[1G[36m⠴[39m Building...
[0m[1mmodule.instances.aws_instance.mean_instance (remote-exec):[0m [0m[2K[1G[1A[2K[1G[36m⠦[39m Building...
[0m[1mmodule.instances.aws_instance.mean_instance (remote-exec):[0m [0m[2K[1G[1A[2K[1G[36m⠧[39m Building...
[0m[1mmodule.instances.aws_instance.mean_instance (remote-exec):[0m [0m[2K[1G[1A[2K[1G[36m⠇[39m Building...
[0m[1mmodule.instances.aws_instance.mean_instance (remote-exec):[0m [0m[2K[1G[1A[2K[1G[36m⠏[39m Building...
[0m[1mmodule.instances.aws_instance.mean_instance (remote-exec):[0m [0m[2K[1G[1A[2K[1G[36m⠋[39m Building...
[0m[1mmodule.instances.aws_instance.mean_instance (remote-exec):[0m [0m[2K[1G[1A[2K[1G[36m⠙[39m Building...
[0m[1mmodule.instances.aws_instance.mean_instance (remote-exec):[0m [0m[2K[1G[1A[2K[1G[36m⠹[39m Building...
[0m[1mmodule.instances.aws_instance.mean_instance (remote-exec):[0m [0m[2K[1G[1A[2K[1G[36m⠸[39m Building...
[0m[1mmodule.instances.aws_instance.mean_instance (remote-exec):[0m [0m[2K[1G[1A[2K[1G[36m⠼[39m Building...
[0m[1mmodule.instances.aws_instance.mean_instance (remote-exec):[0m [0m[2K[1G[1A[2K[1G[36m⠴[39m Building...
[0m[1mmodule.instances.aws_instance.mean_instance (remote-exec):[0m [0m[2K[1G[1A[2K[1G[36m⠦[39m Building...
[0m[1mmodule.instances.aws_instance.mean_instance (remote-exec):[0m [0m[2K[1G[1A[2K[1G[36m⠧[39m Building...
[0m[1mmodule.instances.aws_instance.mean_instance (remote-exec):[0m [0m[2K[1G[1A[2K[1G[36m⠇[39m Building...
[0m[1mmodule.instances.aws_instance.mean_instance (remote-exec):[0m [0m[2K[1G[1A[2K[1G[36m⠏[39m Building...
[0m[1mmodule.instances.aws_instance.mean_instance (remote-exec):[0m [0m[2K[1G[1A[2K[1G[36m⠋[39m Building...
[0m[1mmodule.instances.aws_instance.mean_instance (remote-exec):[0m [0m[2K[1G[1A[2K[1G[36m⠙[39m Building...
[0m[1mmodule.instances.aws_instance.mean_instance (remote-exec):[0m [0m[2K[1G[1A[2K[1G[36m⠹[39m Building...
[0m[1mmodule.instances.aws_instance.mean_instance (remote-exec):[0m [0m[2K[1G[1A[2K[1G[36m⠸[39m Building...
[0m[1mmodule.instances.aws_instance.mean_instance (remote-exec):[0m [0m[2K[1G[1A[2K[1G[36m⠼[39m Building...
[0m[1mmodule.instances.aws_instance.mean_instance (remote-exec):[0m [0m[2K[1G[1A[2K[1G[36m⠴[39m Building...
[0m[1mmodule.instances.aws_instance.mean_instance (remote-exec):[0m [0m[2K[1G[1A[2K[1G[36m⠦[39m Building...
[0m[1mmodule.instances.aws_instance.mean_instance (remote-exec):[0m [0m[2K[1G[1A[2K[1G[36m⠧[39m Building...
[0m[1mmodule.instances.aws_instance.mean_instance (remote-exec):[0m [0m[2K[1G[1A[2K[1G[36m⠇[39m Building...
[0m[1mmodule.instances.aws_instance.mean_instance (remote-exec):[0m [0m[2K[1G[1A[2K[1G[36m⠏[39m Building...
[0m[1mmodule.instances.aws_instance.mean_instance (remote-exec):[0m [0m[2K[1G[1A[2K[1G[36m⠋[39m Building...
[0m[1mmodule.instances.aws_instance.mean_instance (remote-exec):[0m [0m[2K[1G[1A[2K[1G[36m⠙[39m Building...
[0m[1mmodule.instances.aws_instance.mean_instance (remote-exec):[0m [0m[2K[1G[1A[2K[1G[36m⠹[39m Building...
[0m[1mmodule.instances.aws_instance.mean_instance (remote-exec):[0m [0m[2K[1G[1A[2K[1G[36m⠸[39m Building...
[0m[1mmodule.instances.aws_instance.mean_instance (remote-exec):[0m [0m[2K[1G[1A[2K[1G[36m⠼[39m Building...
[0m[1mmodule.instances.aws_instance.mean_instance (remote-exec):[0m [0m[2K[1G[1A[2K[1G[36m⠴[39m Building...
[0m[1mmodule.instances.aws_instance.mean_instance (remote-exec):[0m [0m[2K[1G[1A[2K[1G[36m⠦[39m Building...
[0m[1mmodule.instances.aws_instance.mean_instance (remote-exec):[0m [0m[2K[1G[1A[2K[1G[36m⠧[39m Building...
[0m[1mmodule.instances.aws_instance.mean_instance (remote-exec):[0m [0m[2K[1G[1A[2K[1G[36m⠇[39m Building...
[0m[1mmodule.instances.aws_instance.mean_instance (remote-exec):[0m [0m[2K[1G[1A[2K[1G[36m⠏[39m Building...
[0m[1mmodule.instances.aws_instance.mean_instance (remote-exec):[0m [0m[2K[1G[1A[2K[1G[36m⠋[39m Building...
[0m[1mmodule.instances.aws_instance.mean_instance (remote-exec):[0m [0m[2K[1G[1A[2K[1G[36m⠙[39m Building...
[0m[1mmodule.instances.aws_instance.mean_instance (remote-exec):[0m [0m[2K[1G[1A[2K[1G[36m⠹[39m Building...
[0m[1mmodule.instances.aws_instance.mean_instance (remote-exec):[0m [0m[2K[1G[1A[2K[1G[36m⠸[39m Building...
[0m[1mmodule.instances.aws_instance.mean_instance (remote-exec):[0m [0m[2K[1G[1A[2K[1G[36m⠼[39m Building...
[0m[1mmodule.instances.aws_instance.mean_instance (remote-exec):[0m [0m[2K[1G[1A[2K[1G[36m⠴[39m Building...
[0m[1mmodule.instances.aws_instance.mean_instance (remote-exec):[0m [0m[2K[1G[1A[2K[1G[36m⠦[39m Building...
[0m[1mmodule.instances.aws_instance.mean_instance (remote-exec):[0m [0m[2K[1G[1A[2K[1G[36m⠧[39m Building...
[0m[1mmodule.instances.aws_instance.mean_instance (remote-exec):[0m [0m[2K[1G[1A[2K[1G[36m⠇[39m Building...
[0m[1mmodule.instances.aws_instance.mean_instance (remote-exec):[0m [0m[2K[1G[1A[2K[1G[36m⠏[39m Building...
[0m[1mmodule.instances.aws_instance.mean_instance (remote-exec):[0m [0m[2K[1G[1A[2K[1G[36m⠋[39m Building...
[0m[1mmodule.instances.aws_instance.mean_instance (remote-exec):[0m [0m[2K[1G[1A[2K[1G[36m⠙[39m Building...
[0m[1mmodule.instances.aws_instance.mean_instance (remote-exec):[0m [0m[2K[1G[1A[2K[1G[36m⠹[39m Building...
[0m[1mmodule.load_balancer.aws_lb.mean_lb: Still creating... [1m10s elapsed][0m[0m
[0m[1mmodule.instances.aws_instance.mean_instance (remote-exec):[0m [0m[2K[1G[1A[2K[1G[36m⠸[39m Building...
[0m[1mmodule.instances.aws_instance.mean_instance (remote-exec):[0m [0m[2K[1G[1A[2K[1G[36m⠼[39m Building...
[0m[1mmodule.instances.aws_instance.mean_instance (remote-exec):[0m [0m[2K[1G[1A[2K[1G[36m⠴[39m Building...
[0m[1mmodule.instances.aws_instance.mean_instance: Still creating... [1m0s elapsed][0m[0m
[0m[1mmodule.instances.aws_instance.mean_instance (remote-exec):[0m [0m[2K[1G[1A[2K[1G[36m⠦[39m Building...
[0m[1mmodule.instances.aws_instance.mean_instance (remote-exec):[0m [0m[2K[1G[1A[2K[1G[36m⠧[39m Building...
[0m[1mmodule.instances.aws_instance.mean_instance (remote-exec):[0m [0m[2K[1G[1A[2K[1G[36m⠇[39m Building...
[0m[1mmodule.instances.aws_instance.mean_instance (remote-exec):[0m [0m[2K[1G[1A[2K[1G[36m⠏[39m Building...
[0m[1mmodule.instances.aws_instance.mean_instance (remote-exec):[0m [0m[2K[1G[1A[2K[1G[36m⠋[39m Building...
[0m[1mmodule.instances.aws_instance.mean_instance (remote-exec):[0m [0m[2K[1G[1A[2K[1G[36m⠙[39m Building...
[0m[1mmodule.instances.aws_instance.mean_instance (remote-exec):[0m [0m[2K[1G[1A[2K[1G[36m⠹[39m Building...
[0m[1mmodule.instances.aws_instance.mean_instance (remote-exec):[0m [0m[2K[1G[1A[2K[1G[36m⠸[39m Building...
[0m[1mmodule.instances.aws_instance.mean_instance (remote-exec):[0m [0m[2K[1G[1A[2K[1G[36m⠼[39m Building...
[0m[1mmodule.instances.aws_instance.mean_instance (remote-exec):[0m [0m[2K[1G[1A[2K[1G[36m⠴[39m Building...
[0m[1mmodule.instances.aws_instance.mean_instance (remote-exec):[0m [0m[2K[1G[1A[2K[1G[36m⠦[39m Building...
[0m[1mmodule.instances.aws_instance.mean_instance (remote-exec):[0m [0m[2K[1G[1A[2K[1G[36m⠧[39m Building...
[0m[1mmodule.instances.aws_instance.mean_instance (remote-exec):[0m [0m[2K[1G[1A[2K[1G[36m⠇[39m Building...
[0m[1mmodule.instances.aws_instance.mean_instance (remote-exec):[0m [0m[2K[1G[1A[2K[1G[36m⠏[39m Building...
[0m[1mmodule.instances.aws_instance.mean_instance (remote-exec):[0m [0m[2K[1G[1A[2K[1G[36m⠋[39m Building...
[0m[1mmodule.instances.aws_instance.mean_instance (remote-exec):[0m [0m[2K[1G[1A[2K[1G[36m⠙[39m Building...
[0m[1mmodule.instances.aws_instance.mean_instance (remote-exec):[0m [0m[2K[1G[1A[2K[1G[36m⠹[39m Building...
[0m[1mmodule.instances.aws_instance.mean_instance (remote-exec):[0m [0m[2K[1G[1A[2K[1G[36m⠸[39m Building...
[0m[1mmodule.instances.aws_instance.mean_instance (remote-exec):[0m [0m[2K[1G[1A[2K[1G[36m⠼[39m Building...
[0m[1mmodule.instances.aws_instance.mean_instance (remote-exec):[0m [0m[2K[1G[1A[2K[1G[36m⠴[39m Building...
[0m[1mmodule.instances.aws_instance.mean_instance (remote-exec):[0m [0m[2K[1G[1A[2K[1G[36m⠦[39m Building...
[0m[1mmodule.instances.aws_instance.mean_instance (remote-exec):[0m [0m[2K[1G[1A[2K[1G[36m⠧[39m Building...
[0m[1mmodule.instances.aws_instance.mean_instance (remote-exec):[0m [0m[2K[1G[1A[2K[1G[36m⠇[39m Building...
[0m[1mmodule.instances.aws_instance.mean_instance (remote-exec):[0m [0m[2K[1G[1A[2K[1G[36m⠏[39m Building...
[0m[1mmodule.instances.aws_instance.mean_instance (remote-exec):[0m [0m[2K[1G[1A[2K[1G[36m⠋[39m Building...
[0m[1mmodule.instances.aws_instance.mean_instance (remote-exec):[0m [0m[2K[1G[1A[2K[1G[36m⠙[39m Building...
[0m[1mmodule.instances.aws_instance.mean_instance (remote-exec):[0m [0m[2K[1G[1A[2K[1G[36m⠹[39m Building...
[0m[1mmodule.instances.aws_instance.mean_instance (remote-exec):[0m [0m[2K[1G[1A[2K[1G[36m⠸[39m Building...
[0m[1mmodule.instances.aws_instance.mean_instance (remote-exec):[0m [0m[2K[1G[1A[2K[1G[36m⠼[39m Building...
[0m[1mmodule.instances.aws_instance.mean_instance (remote-exec):[0m [0m[2K[1G[1A[2K[1G[36m⠴[39m Building...
[0m[1mmodule.instances.aws_instance.mean_instance (remote-exec):[0m [0m[2K[1G[1A[2K[1G[36m⠦[39m Building...
[0m[1mmodule.instances.aws_instance.mean_instance (remote-exec):[0m [0m[2K[1G[1A[2K[1G[36m⠧[39m Building...
[0m[1mmodule.instances.aws_instance.mean_instance (remote-exec):[0m [0m[2K[1G[1A[2K[1G[36m⠇[39m Building...
[0m[1mmodule.instances.aws_instance.mean_instance (remote-exec):[0m [0m[2K[1G[1A[2K[1G[36m⠏[39m Building...
[0m[1mmodule.instances.aws_instance.mean_instance (remote-exec):[0m [0m[2K[1G[1A[2K[1G[36m⠋[39m Building...
[0m[1mmodule.instances.aws_instance.mean_instance (remote-exec):[0m [0m[2K[1G[1A[2K[1G[36m⠙[39m Building...
[0m[1mmodule.instances.aws_instance.mean_instance (remote-exec):[0m [0m[2K[1G[1A[2K[1G[36m⠹[39m Building...
[0m[1mmodule.instances.aws_instance.mean_instance (remote-exec):[0m [0m[2K[1G[1A[2K[1G[36m⠸[39m Building...
[0m[1mmodule.instances.aws_instance.mean_instance (remote-exec):[0m [0m[2K[1G[1A[2K[1G[36m⠼[39m Building...
[0m[1mmodule.instances.aws_instance.mean_instance (remote-exec):[0m [0m[2K[1G[1A[2K[1G[36m⠴[39m Building...
[0m[1mmodule.instances.aws_instance.mean_instance (remote-exec):[0m [0m[2K[1G[1A[2K[1G[36m⠦[39m Building...
[0m[1mmodule.instances.aws_instance.mean_instance (remote-exec):[0m [0m[2K[1G[1A[2K[1G[36m⠧[39m Building...
[0m[1mmodule.instances.aws_instance.mean_instance (remote-exec):[0m [0m[2K[1G[1A[2K[1G[36m⠇[39m Building...
[0m[1mmodule.instances.aws_instance.mean_instance (remote-exec):[0m [0m[2K[1G[1A[2K[1G[36m⠏[39m Building...
[0m[1mmodule.instances.aws_instance.mean_instance (remote-exec):[0m [0m[2K[1G[1A[2K[1G[36m⠋[39m Building...
[0m[1mmodule.instances.aws_instance.mean_instance (remote-exec):[0m [0m[2K[1G[1A[2K[1G[36m⠙[39m Building...
[0m[1mmodule.instances.aws_instance.mean_instance (remote-exec):[0m [0m[2K[1G[1A[2K[1G[36m⠹[39m Building...
[0m[1mmodule.instances.aws_instance.mean_instance (remote-exec):[0m [0m[2K[1G[1A[2K[1G[36m⠸[39m Building...
[0m[1mmodule.instances.aws_instance.mean_instance (remote-exec):[0m [0m[2K[1G[1A[2K[1G[36m⠼[39m Building...
[0m[1mmodule.instances.aws_instance.mean_instance (remote-exec):[0m [0m[2K[1G[1A[2K[1G[36m⠴[39m Building...
[0m[1mmodule.instances.aws_instance.mean_instance (remote-exec):[0m [0m[2K[1G[1A[2K[1G[36m⠦[39m Building...
[0m[1mmodule.instances.aws_instance.mean_instance (remote-exec):[0m [0m[2K[1G[1A[2K[1G[36m⠧[39m Building...
[0m[1mmodule.instances.aws_instance.mean_instance (remote-exec):[0m [0m[2K[1G[1A[2K[1G[36m⠇[39m Building...
[0m[1mmodule.instances.aws_instance.mean_instance (remote-exec):[0m [0m[2K[1G[1A[2K[1G[36m⠏[39m Building...
[0m[1mmodule.instances.aws_instance.mean_instance (remote-exec):[0m [0m[2K[1G[1A[2K[1G[36m⠋[39m Building...
[0m[1mmodule.instances.aws_instance.mean_instance (remote-exec):[0m [0m[2K[1G[1A[2K[1G[36m⠙[39m Building...
[0m[1mmodule.instances.aws_instance.mean_instance (remote-exec):[0m [0m[2K[1G[1A[2K[1G[36m⠹[39m Building...
[0m[1mmodule.instances.aws_instance.mean_instance (remote-exec):[0m [0m[2K[1G[1A[2K[1G[36m⠸[39m Building...
[0m[1mmodule.instances.aws_instance.mean_instance (remote-exec):[0m [0m[2K[1G[1A[2K[1G[36m⠼[39m Building...
[0m[1mmodule.instances.aws_instance.mean_instance (remote-exec):[0m [0m[2K[1G[1A[2K[1G[36m⠴[39m Building...
[0m[1mmodule.instances.aws_instance.mean_instance (remote-exec):[0m [0m[2K[1G[1A[2K[1G[36m⠦[39m Building...
[0m[1mmodule.instances.aws_instance.mean_instance (remote-exec):[0m [0m[2K[1G[1A[2K[1G[36m⠧[39m Building...
[0m[1mmodule.instances.aws_instance.mean_instance (remote-exec):[0m [0m[2K[1G[1A[2K[1G[36m⠇[39m Building...
[0m[1mmodule.instances.aws_instance.mean_instance (remote-exec):[0m [0m[2K[1G[1A[2K[1G[36m⠏[39m Building...
[0m[1mmodule.instances.aws_instance.mean_instance (remote-exec):[0m [0m[2K[1G[1A[2K[1G[36m⠋[39m Building...
[0m[1mmodule.instances.aws_instance.mean_instance (remote-exec):[0m [0m[2K[1G[1A[2K[1G[36m⠙[39m Building...
[0m[1mmodule.instances.aws_instance.mean_instance (remote-exec):[0m [0m[2K[1G[1A[2K[1G[36m⠹[39m Building...
[0m[1mmodule.instances.aws_instance.mean_instance (remote-exec):[0m [0m[2K[1G[1A[2K[1G[36m⠸[39m Building...
[0m[1mmodule.instances.aws_instance.mean_instance (remote-exec):[0m [0m[2K[1G[1A[2K[1G[36m⠼[39m Building...
[0m[1mmodule.instances.aws_instance.mean_instance (remote-exec):[0m [0m[2K[1G[1A[2K[1G[36m⠴[39m Building...
[0m[1mmodule.instances.aws_instance.mean_instance (remote-exec):[0m [0m[2K[1G[1A[2K[1G[36m⠦[39m Building...
[0m[1mmodule.instances.aws_instance.mean_instance (remote-exec):[0m [0m[2K[1G[1A[2K[1G[36m⠧[39m Building...
[0m[1mmodule.instances.aws_instance.mean_instance (remote-exec):[0m [0m[2K[1G[1A[2K[1G[36m⠇[39m Building...
[0m[1mmodule.instances.aws_instance.mean_instance (remote-exec):[0m [0m[2K[1G[1A[2K[1G[36m⠏[39m Building...
[0m[1mmodule.instances.aws_instance.mean_instance (remote-exec):[0m [0m[2K[1G[1A[2K[1G[36m⠋[39m Building...
[0m[1mmodule.instances.aws_instance.mean_instance (remote-exec):[0m [0m[2K[1G[1A[2K[1G[36m⠙[39m Building...
[0m[1mmodule.instances.aws_instance.mean_instance (remote-exec):[0m [0m[2K[1G[1A[2K[1G[36m⠹[39m Building...
[0m[1mmodule.instances.aws_instance.mean_instance (remote-exec):[0m [0m[2K[1G[1A[2K[1G[36m⠸[39m Building...
[0m[1mmodule.instances.aws_instance.mean_instance (remote-exec):[0m [0m[2K[1G[1A[2K[1G[36m⠼[39m Building...
[0m[1mmodule.instances.aws_instance.mean_instance (remote-exec):[0m [0m[2K[1G[1A[2K[1G[36m⠴[39m Building...
[0m[1mmodule.instances.aws_instance.mean_instance (remote-exec):[0m [0m[2K[1G[1A[2K[1G[36m⠦[39m Building...
[0m[1mmodule.instances.aws_instance.mean_instance (remote-exec):[0m [0m[2K[1G[1A[2K[1G[36m⠧[39m Building...
[0m[1mmodule.instances.aws_instance.mean_instance (remote-exec):[0m [0m[2K[1G[1A[2K[1G[36m⠇[39m Building...
[0m[1mmodule.instances.aws_instance.mean_instance (remote-exec):[0m [0m[2K[1G[1A[2K[1G[36m⠏[39m Building...
[0m[1mmodule.instances.aws_instance.mean_instance (remote-exec):[0m [0m[2K[1G[1A[2K[1G[36m⠋[39m Building...
[0m[1mmodule.instances.aws_instance.mean_instance (remote-exec):[0m [0m[2K[1G[1A[2K[1G[36m⠙[39m Building...
[0m[1mmodule.instances.aws_instance.mean_instance (remote-exec):[0m [0m[2K[1G[1A[2K[1G[36m⠹[39m Building...
[0m[1mmodule.instances.aws_instance.mean_instance (remote-exec):[0m [0m[2K[1G[1A[2K[1G[36m⠸[39m Building...
[0m[1mmodule.instances.aws_instance.mean_instance (remote-exec):[0m [0m[2K[1G[1A[2K[1G[36m⠼[39m Building...
[0m[1mmodule.instances.aws_instance.mean_instance (remote-exec):[0m [0m[2K[1G[1A[2K[1G[36m⠴[39m Building...
[0m[1mmodule.instances.aws_instance.mean_instance (remote-exec):[0m [0m[2K[1G[1A[2K[1G[36m⠦[39m Building...
[0m[1mmodule.instances.aws_instance.mean_instance (remote-exec):[0m [0m[2K[1G[1A[2K[1G[36m⠧[39m Building...
[0m[1mmodule.instances.aws_instance.mean_instance (remote-exec):[0m [0m[2K[1G[1A[2K[1G[36m⠇[39m Building...
[0m[1mmodule.instances.aws_instance.mean_instance (remote-exec):[0m [0m[2K[1G[1A[2K[1G[36m⠏[39m Building...
[0m[1mmodule.instances.aws_instance.mean_instance (remote-exec):[0m [0m[2K[1G[1A[2K[1G[36m⠋[39m Building...
[0m[1mmodule.instances.aws_instance.mean_instance (remote-exec):[0m [0m[2K[1G[1A[2K[1G[36m⠙[39m Building...
[0m[1mmodule.instances.aws_instance.mean_instance (remote-exec):[0m [0m[2K[1G[1A[2K[1G[36m⠹[39m Building...
[0m[1mmodule.instances.aws_instance.mean_instance (remote-exec):[0m [0m[2K[1G[1A[2K[1G[36m⠸[39m Building...
[0m[1mmodule.instances.aws_instance.mean_instance (remote-exec):[0m [0m[2K[1G[1A[2K[1G[36m⠼[39m Building...
[0m[1mmodule.instances.aws_instance.mean_instance (remote-exec):[0m [0m[2K[1G[1A[2K[1G[36m⠴[39m Building...
[0m[1mmodule.instances.aws_instance.mean_instance (remote-exec):[0m [0m[2K[1G[1A[2K[1G[36m⠦[39m Building...
[0m[1mmodule.instances.aws_instance.mean_instance (remote-exec):[0m [0m[2K[1G[1A[2K[1G[36m⠧[39m Building...
[0m[1mmodule.instances.aws_instance.mean_instance (remote-exec):[0m [0m[2K[1G[1A[2K[1G[36m⠇[39m Building...
[0m[1mmodule.instances.aws_instance.mean_instance (remote-exec):[0m [0m[2K[1G[1A[2K[1G[36m⠏[39m Building...
[0m[1mmodule.instances.aws_instance.mean_instance (remote-exec):[0m [0m[2K[1G[1A[2K[1G[36m⠋[39m Building...
[0m[1mmodule.instances.aws_instance.mean_instance (remote-exec):[0m [0m[2K[1G[1A[2K[1G[36m⠙[39m Building...
[0m[1mmodule.instances.aws_instance.mean_instance (remote-exec):[0m [0m[2K[1G[1A[2K[1G[36m⠹[39m Building...
[0m[1mmodule.instances.aws_instance.mean_instance (remote-exec):[0m [0m[2K[1G[1A[2K[1G[36m⠸[39m Building...
[0m[1mmodule.load_balancer.aws_lb.mean_lb: Still creating... [1m20s elapsed][0m[0m
[0m[1mmodule.instances.aws_instance.mean_instance (remote-exec):[0m [0m[2K[1G[1A[2K[1G[36m⠼[39m Building...
[0m[1mmodule.instances.aws_instance.mean_instance (remote-exec):[0m [0m[2K[1G[1A[2K[1G[36m⠴[39m Building...
[0m[1mmodule.instances.aws_instance.mean_instance (remote-exec):[0m [0m[2K[1G[1A[2K[1G[36m⠦[39m Building...
[0m[1mmodule.instances.aws_instance.mean_instance (remote-exec):[0m [0m[2K[1G[1A[2K[1G[36m⠧[39m Building...
[0m[1mmodule.instances.aws_instance.mean_instance (remote-exec):[0m [0m[2K[1G[1A[2K[1G[36m⠇[39m Building...
[0m[1mmodule.instances.aws_instance.mean_instance: Still creating... [1m10s elapsed][0m[0m
[0m[1mmodule.instances.aws_instance.mean_instance (remote-exec):[0m [0m[2K[1G[1A[2K[1G[36m⠏[39m Building...
[0m[1mmodule.instances.aws_instance.mean_instance (remote-exec):[0m [0m[2K[1G[1A[2K[1G[36m⠋[39m Building...
[0m[1mmodule.instances.aws_instance.mean_instance (remote-exec):[0m [0m[2K[1G[1A[2K[1G[36m⠙[39m Building...
[0m[1mmodule.instances.aws_instance.mean_instance (remote-exec):[0m [0m[2K[1G[1A[2K[1G[36m⠹[39m Building...
[0m[1mmodule.instances.aws_instance.mean_instance (remote-exec):[0m [0m[2K[1G[1A[2K[1G[36m⠸[39m Building...
[0m[1mmodule.instances.aws_instance.mean_instance (remote-exec):[0m [0m[2K[1G[1A[2K[1G[36m⠼[39m Building...
[0m[1mmodule.instances.aws_instance.mean_instance (remote-exec):[0m [0m[2K[1G[1A[2K[1G[36m⠴[39m Building...
[0m[1mmodule.instances.aws_instance.mean_instance (remote-exec):[0m [0m[2K[1G[1A[2K[1G[36m⠦[39m Building...
[0m[1mmodule.instances.aws_instance.mean_instance (remote-exec):[0m [0m[2K[1G[1A[2K[1G[36m⠧[39m Building...
[0m[1mmodule.instances.aws_instance.mean_instance (remote-exec):[0m [0m[2K[1G[1A[2K[1G[36m⠇[39m Building...
[0m[1mmodule.instances.aws_instance.mean_instance (remote-exec):[0m [0m[2K[1G[1A[2K[1G[36m⠏[39m Building...
[0m[1mmodule.instances.aws_instance.mean_instance (remote-exec):[0m [0m[2K[1G[1A[2K[1G[36m⠋[39m Building...
[0m[1mmodule.instances.aws_instance.mean_instance (remote-exec):[0m [0m[2K[1G[1A[2K[1G[36m⠙[39m Building...
[0m[1mmodule.instances.aws_instance.mean_instance (remote-exec):[0m [0m[2K[1G[1A[2K[1G[36m⠹[39m Building...
[0m[1mmodule.instances.aws_instance.mean_instance (remote-exec):[0m [0m[2K[1G[1A[2K[1G[36m⠸[39m Building...
[0m[1mmodule.instances.aws_instance.mean_instance (remote-exec):[0m [0m[2K[1G[1A[2K[1G[36m⠼[39m Building...
[0m[1mmodule.instances.aws_instance.mean_instance (remote-exec):[0m [0m[2K[1G[1A[2K[1G[36m⠴[39m Building...
[0m[1mmodule.instances.aws_instance.mean_instance (remote-exec):[0m [0m[2K[1G[1A[2K[1G[36m⠦[39m Building...
[0m[1mmodule.instances.aws_instance.mean_instance (remote-exec):[0m [0m[2K[1G[1A[2K[1G[36m⠧[39m Building...
[0m[1mmodule.instances.aws_instance.mean_instance (remote-exec):[0m [0m[2K[1G[1A[2K[1G[36m⠇[39m Building...
[0m[1mmodule.instances.aws_instance.mean_instance (remote-exec):[0m [0m[2K[1G[1A[2K[1G[36m⠏[39m Building...
[0m[1mmodule.instances.aws_instance.mean_instance (remote-exec):[0m [0m[2K[1G[1A[2K[1G[36m⠋[39m Building...
[0m[1mmodule.instances.aws_instance.mean_instance (remote-exec):[0m [0m[2K[1G[1A[2K[1G[36m⠙[39m Building...
[0m[1mmodule.instances.aws_instance.mean_instance (remote-exec):[0m [0m[2K[1G[1A[2K[1G[36m⠹[39m Building...
[0m[1mmodule.instances.aws_instance.mean_instance (remote-exec):[0m [0m[2K[1G[1A[2K[1G[36m⠸[39m Building...
[0m[1mmodule.instances.aws_instance.mean_instance (remote-exec):[0m [0m[2K[1G[1A[2K[1G[36m⠼[39m Building...
[0m[1mmodule.instances.aws_instance.mean_instance (remote-exec):[0m [0m[2K[1G[1A[2K[1G[36m⠴[39m Building...
[0m[1mmodule.instances.aws_instance.mean_instance (remote-exec):[0m [0m[2K[1G[1A[2K[1G[36m⠦[39m Building...
[0m[1mmodule.instances.aws_instance.mean_instance (remote-exec):[0m [0m[2K[1G[1A[2K[1G[36m⠧[39m Building...
[0m[1mmodule.instances.aws_instance.mean_instance (remote-exec):[0m [0m[2K[1G[1A[2K[1G[36m⠇[39m Building...
[0m[1mmodule.instances.aws_instance.mean_instance (remote-exec):[0m [0m[2K[1G[1A[2K[1G[36m⠏[39m Building...
[0m[1mmodule.instances.aws_instance.mean_instance (remote-exec):[0m [0m[2K[1G[1A[2K[1G[36m⠋[39m Building...
[0m[1mmodule.instances.aws_instance.mean_instance (remote-exec):[0m [0m[2K[1G[1A[2K[1G[36m⠙[39m Building...
[0m[1mmodule.instances.aws_instance.mean_instance (remote-exec):[0m [0m[2K[1G[1A[2K[1G[36m⠹[39m Building...
[0m[1mmodule.instances.aws_instance.mean_instance (remote-exec):[0m [0m[2K[1G[1A[2K[1G[36m⠸[39m Building...
[0m[1mmodule.instances.aws_instance.mean_instance (remote-exec):[0m [0m[2K[1G[1A[2K[1G[36m⠼[39m Building...
[0m[1mmodule.instances.aws_instance.mean_instance (remote-exec):[0m [0m[2K[1G[1A[2K[1G[36m⠴[39m Building...
[0m[1mmodule.instances.aws_instance.mean_instance (remote-exec):[0m [0m[2K[1G[1A[2K[1G[36m⠦[39m Building...
[0m[1mmodule.instances.aws_instance.mean_instance (remote-exec):[0m [0m[2K[1G[1A[2K[1G[36m⠧[39m Building...
[0m[1mmodule.instances.aws_instance.mean_instance (remote-exec):[0m [0m[2K[1G[1A[2K[1G[36m⠇[39m Building...
[0m[1mmodule.instances.aws_instance.mean_instance (remote-exec):[0m [0m[2K[1G[1A[2K[1G[36m⠏[39m Building...
[0m[1mmodule.instances.aws_instance.mean_instance (remote-exec):[0m [0m[2K[1G[1A[2K[1G[36m⠋[39m Building...
[0m[1mmodule.instances.aws_instance.mean_instance (remote-exec):[0m [0m[2K[1G[1A[2K[1G[36m⠙[39m Building...
[0m[1mmodule.instances.aws_instance.mean_instance (remote-exec):[0m [0m[2K[1G[1A[2K[1G[36m⠹[39m Building...
[0m[1mmodule.instances.aws_instance.mean_instance (remote-exec):[0m [0m[2K[1G[1A[2K[1G[36m⠸[39m Building...
[0m[1mmodule.instances.aws_instance.mean_instance (remote-exec):[0m [0m[2K[1G[1A[2K[1G[36m⠼[39m Building...
[0m[1mmodule.instances.aws_instance.mean_instance (remote-exec):[0m [0m[2K[1G[1A[2K[1G[36m⠴[39m Building...
[0m[1mmodule.instances.aws_instance.mean_instance (remote-exec):[0m [0m[2K[1G[1A[2K[1G[36m⠦[39m Building...
[0m[1mmodule.instances.aws_instance.mean_instance (remote-exec):[0m [0m[2K[1G[1A[2K[1G[36m⠧[39m Building...
[0m[1mmodule.instances.aws_instance.mean_instance (remote-exec):[0m [0m[2K[1G[1A[2K[1G[36m⠇[39m Building...
[0m[1mmodule.instances.aws_instance.mean_instance (remote-exec):[0m [0m[2K[1G[1A[2K[1G[36m⠏[39m Building...
[0m[1mmodule.instances.aws_instance.mean_instance (remote-exec):[0m [0m[2K[1G[1A[2K[1G[36m⠋[39m Building...
[0m[1mmodule.instances.aws_instance.mean_instance (remote-exec):[0m [0m[2K[1G[1A[2K[1G[36m⠙[39m Building...
[0m[1mmodule.instances.aws_instance.mean_instance (remote-exec):[0m [0m[2K[1G[1A[2K[1G[36m⠹[39m Building...
[0m[1mmodule.instances.aws_instance.mean_instance (remote-exec):[0m [0m[2K[1G[1A[2K[1G[36m⠸[39m Building...
[0m[1mmodule.instances.aws_instance.mean_instance (remote-exec):[0m [0m[2K[1G[1A[2K[1G[36m⠼[39m Building...
[0m[1mmodule.instances.aws_instance.mean_instance (remote-exec):[0m [0m[2K[1G[1A[2K[1G[36m⠴[39m Building...
[0m[1mmodule.instances.aws_instance.mean_instance (remote-exec):[0m [0m[2K[1G[1A[2K[1G[36m⠦[39m Building...
[0m[1mmodule.instances.aws_instance.mean_instance (remote-exec):[0m [0m[2K[1G[1A[2K[1G[36m⠧[39m Building...
[0m[1mmodule.instances.aws_instance.mean_instance (remote-exec):[0m [0m[2K[1G[1A[2K[1G[36m⠇[39m Building...
[0m[1mmodule.instances.aws_instance.mean_instance (remote-exec):[0m [0m[2K[1G[1A[2K[1G[36m⠏[39m Building...
[0m[1mmodule.instances.aws_instance.mean_instance (remote-exec):[0m [0m[2K[1G[1A[2K[1G[36m⠋[39m Building...
[0m[1mmodule.instances.aws_instance.mean_instance (remote-exec):[0m [0m[2K[1G[1A[2K[1G[36m⠙[39m Building...
[0m[1mmodule.instances.aws_instance.mean_instance (remote-exec):[0m [0m[2K[1G[1A[2K[1G[36m⠹[39m Building...
[0m[1mmodule.instances.aws_instance.mean_instance (remote-exec):[0m [0m[2K[1G[1A[2K[1G[36m⠸[39m Building...
[0m[1mmodule.instances.aws_instance.mean_instance (remote-exec):[0m [0m[2K[1G[1A[2K[1G[36m⠼[39m Building...
[0m[1mmodule.instances.aws_instance.mean_instance (remote-exec):[0m [0m[2K[1G[1A[2K[1G[36m⠴[39m Building...
[0m[1mmodule.instances.aws_instance.mean_instance (remote-exec):[0m [0m[2K[1G[1A[2K[1G[36m⠦[39m Building...
[0m[1mmodule.instances.aws_instance.mean_instance (remote-exec):[0m [0m[2K[1G[1A[2K[1G[36m⠧[39m Building...
[0m[1mmodule.instances.aws_instance.mean_instance (remote-exec):[0m [0m[2K[1G[1A[2K[1G[36m⠇[39m Building...
[0m[1mmodule.instances.aws_instance.mean_instance (remote-exec):[0m [0m[2K[1G[1A[2K[1G[36m⠏[39m Building...
[0m[1mmodule.instances.aws_instance.mean_instance (remote-exec):[0m [0m[2K[1G[1A[2K[1G[36m⠋[39m Building...
[0m[1mmodule.instances.aws_instance.mean_instance (remote-exec):[0m [0m[2K[1G[1A[2K[1G[36m⠙[39m Building...
[0m[1mmodule.instances.aws_instance.mean_instance (remote-exec):[0m [0m[2K[1G[1A[2K[1G[36m⠹[39m Building...
[0m[1mmodule.instances.aws_instance.mean_instance (remote-exec):[0m [0m[2K[1G[1A[2K[1G[36m⠸[39m Building...
[0m[1mmodule.instances.aws_instance.mean_instance (remote-exec):[0m [0m[2K[1G[1A[2K[1G[36m⠼[39m Building...
[0m[1mmodule.instances.aws_instance.mean_instance (remote-exec):[0m [0m[2K[1G[1A[2K[1G[36m⠴[39m Building...
[0m[1mmodule.instances.aws_instance.mean_instance (remote-exec):[0m [0m[2K[1G[1A[2K[1G[36m⠦[39m Building...
[0m[1mmodule.instances.aws_instance.mean_instance (remote-exec):[0m [0m[2K[1G[1A[2K[1G[36m⠧[39m Building...
[0m[1mmodule.instances.aws_instance.mean_instance (remote-exec):[0m [0m[2K[1G[1A[2K[1G[36m⠇[39m Building...
[0m[1mmodule.instances.aws_instance.mean_instance (remote-exec):[0m [0m[2K[1G[1A[2K[1G[36m⠏[39m Building...
[0m[1mmodule.instances.aws_instance.mean_instance (remote-exec):[0m [0m[2K[1G[1A[2K[1G[36m⠋[39m Building...
[0m[1mmodule.instances.aws_instance.mean_instance (remote-exec):[0m [0m[2K[1G[1A[2K[1G[36m⠙[39m Building...
[0m[1mmodule.instances.aws_instance.mean_instance (remote-exec):[0m [0m[2K[1G[1A[2K[1G[36m⠹[39m Building...
[0m[1mmodule.instances.aws_instance.mean_instance (remote-exec):[0m [0m[2K[1G[1A[2K[1G[36m⠸[39m Building...
[0m[1mmodule.instances.aws_instance.mean_instance (remote-exec):[0m [0m[2K[1G[1A[2K[1G[36m⠼[39m Building...
[0m[1mmodule.instances.aws_instance.mean_instance (remote-exec):[0m [0m[2K[1G[1A[2K[1G[36m⠴[39m Building...
[0m[1mmodule.instances.aws_instance.mean_instance (remote-exec):[0m [0m[2K[1G[1A[2K[1G[36m⠦[39m Building...
[0m[1mmodule.instances.aws_instance.mean_instance (remote-exec):[0m [0m[2K[1G[1A[2K[1G[36m⠧[39m Building...
[0m[1mmodule.instances.aws_instance.mean_instance (remote-exec):[0m [0m[2K[1G[1A[2K[1G[36m⠇[39m Building...
[0m[1mmodule.instances.aws_instance.mean_instance (remote-exec):[0m [0m[2K[1G[1A[2K[1G[36m⠏[39m Building...
[0m[1mmodule.instances.aws_instance.mean_instance (remote-exec):[0m [0m[2K[1G[1A[2K[1G[36m⠋[39m Building...
[0m[1mmodule.instances.aws_instance.mean_instance (remote-exec):[0m [0m[2K[1G[1A[2K[1G[36m⠙[39m Building...
[0m[1mmodule.instances.aws_instance.mean_instance (remote-exec):[0m [0m[2K[1G[1A[2K[1G[36m⠹[39m Building...
[0m[1mmodule.instances.aws_instance.mean_instance (remote-exec):[0m [0m[2K[1G[1A[2K[1G[36m⠸[39m Building...
[0m[1mmodule.instances.aws_instance.mean_instance (remote-exec):[0m [0m[2K[1G[1A[2K[1G[36m⠼[39m Building...
[0m[1mmodule.instances.aws_instance.mean_instance (remote-exec):[0m [0m[2K[1G[1A[2K[1G[36m⠴[39m Building...
[0m[1mmodule.instances.aws_instance.mean_instance (remote-exec):[0m [0m[2K[1G[1A[2K[1G[36m⠦[39m Building...
[0m[1mmodule.instances.aws_instance.mean_instance (remote-exec):[0m [0m[2K[1G[1A[2K[1G[36m⠧[39m Building...
[0m[1mmodule.instances.aws_instance.mean_instance (remote-exec):[0m [0m[2K[1G[1A[2K[1G[36m⠇[39m Building...
[0m[1mmodule.instances.aws_instance.mean_instance (remote-exec):[0m [0m[2K[1G[1A[2K[1G[36m⠏[39m Building...
[0m[1mmodule.instances.aws_instance.mean_instance (remote-exec):[0m [0m[2K[1G[1A[2K[1G[36m⠋[39m Building...
[0m[1mmodule.instances.aws_instance.mean_instance (remote-exec):[0m [0m[2K[1G[1A[2K[1G[36m⠙[39m Building...
[0m[1mmodule.instances.aws_instance.mean_instance (remote-exec):[0m [0m[2K[1G[1A[2K[1G[36m⠹[39m Building...
[0m[1mmodule.instances.aws_instance.mean_instance (remote-exec):[0m [0m[2K[1G[1A[2K[1G[36m⠸[39m Building...
[0m[1mmodule.instances.aws_instance.mean_instance (remote-exec):[0m [0m[2K[1G[1A[2K[1G[36m⠼[39m Building...
[0m[1mmodule.instances.aws_instance.mean_instance (remote-exec):[0m [0m[2K[1G[1A[2K[1G[36m⠴[39m Building...
[0m[1mmodule.instances.aws_instance.mean_instance (remote-exec):[0m [0m[35mBrowser bundles[39m
[0m[1mmodule.instances.aws_instance.mean_instance (remote-exec):[0m [0m[1mInitial chunk files[22m    [2m | [22m[1mNames[22m              [2m | [22m [1mRaw size[22m[2m | [22m[1mEstimated transfer size[22m
[0m[1mmodule.instances.aws_instance.mean_instance (remote-exec):[0m [0m[32mmain-LFYYRVIN.js[39m       [2m | [22m[2mmain[22m               [2m | [22m[36m348.97 kB[39m[2m | [22m               [36m65.91 kB[39m
[0m[1mmodule.instances.aws_instance.mean_instance (remote-exec):[0m [0m[32mchunk-JYMLGIZY.js[39m      [2m | [22m[2m-[22m                  [2m | [22m[36m153.39 kB[39m[2m | [22m               [36m44.53 kB[39m
[0m[1mmodule.instances.aws_instance.mean_instance (remote-exec):[0m [0m[32mstyles-JAVYZDQ4.css[39m    [2m | [22m[2mstyles[22m             [2m | [22m [36m84.32 kB[39m[2m | [22m                [36m7.86 kB[39m
[0m[1mmodule.instances.aws_instance.mean_instance (remote-exec):[0m [0m[32mpolyfills-RT5I6R6G.js[39m  [2m | [22m[2mpolyfills[22m          [2m | [22m [36m33.10 kB[39m[2m | [22m               [36m10.72 kB[39m

[0m[1mmodule.instances.aws_instance.mean_instance (remote-exec):[0m [0m[1m [22m                      [2m | [22m[1mInitial total[22m      [2m | [22m[1m[93m619.79 kB[39m[22m[2m | [22m              [1m129.02 kB[22m

[0m[1mmodule.instances.aws_instance.mean_instance (remote-exec):[0m [0m[1mLazy chunk files[22m       [2m | [22m[1mNames[22m              [2m | [22m [1mRaw size[22m[2m | [22m[1mEstimated transfer size[22m
[0m[1mmodule.instances.aws_instance.mean_instance (remote-exec):[0m [0m[32mchunk-BJDI5ZCX.js[39m      [2m | [22m[2mbrowser[22m            [2m | [22m [36m62.20 kB[39m[2m | [22m               [36m16.50 kB[39m


[0m[1mmodule.instances.aws_instance.mean_instance (remote-exec):[0m [0m[35mServer bundles[39m
[0m[1mmodule.instances.aws_instance.mean_instance (remote-exec):[0m [0m[1mInitial chunk files[22m    [2m | [22m[1mNames[22m              [2m | [22m [1mRaw size[22m
[0m[1mmodule.instances.aws_instance.mean_instance (remote-exec):[0m [0m[32mserver.mjs[39m             [2m | [22m[2mserver[22m             [2m | [22m  [36m1.05 MB[39m[2m | [22m
[0m[1mmodule.instances.aws_instance.mean_instance (remote-exec):[0m [0m[32mchunk-3PG63MOB.mjs[39m     [2m | [22m[2m-[22m                  [2m | [22m[36m344.09 kB[39m[2m | [22m
[0m[1mmodule.instances.aws_instance.mean_instance (remote-exec):[0m [0m[32mpolyfills.server.mjs[39m   [2m | [22m[2mpolyfills.server[22m   [2m | [22m[36m261.67 kB[39m[2m | [22m
[0m[1mmodule.instances.aws_instance.mean_instance (remote-exec):[0m [0m[32mchunk-FFG4O75P.mjs[39m     [2m | [22m[2m-[22m                  [2m | [22m[36m244.17 kB[39m[2m | [22m
[0m[1mmodule.instances.aws_instance.mean_instance (remote-exec):[0m [0m[32mchunk-3WOHP23S.mjs[39m     [2m | [22m[2m-[22m                  [2m | [22m[36m228.13 kB[39m[2m | [22m
[0m[1mmodule.instances.aws_instance.mean_instance (remote-exec):[0m [0m[32mchunk-VVCT4QZE.mjs[39m     [2m | [22m[2m-[22m                  [2m | [22m  [36m2.48 kB[39m[2m | [22m
[0m[1mmodule.instances.aws_instance.mean_instance (remote-exec):[0m [0m[32mrender-utils.server.mjs[39m[2m | [22m[2mrender-utils.server[22m[2m | [22m  [36m1.46 kB[39m[2m | [22m
[0m[1mmodule.instances.aws_instance.mean_instance (remote-exec):[0m [0m[32mmain.server.mjs[39m        [2m | [22m[2mmain.server[22m        [2m | [22m[36m178 bytes[39m[2m | [22m

[0m[1mmodule.instances.aws_instance.mean_instance (remote-exec):[0m [0m[1mLazy chunk files[22m       [2m | [22m[1mNames[22m              [2m | [22m [1mRaw size[22m
[0m[1mmodule.instances.aws_instance.mean_instance (remote-exec):[0m [0m[32mchunk-O73ZHKXN.mjs[39m     [2m | [22m[2mxhr2[22m               [2m | [22m [36m11.80 kB[39m[2m | [22m
[0m[1mmodule.instances.aws_instance.mean_instance (remote-exec):[0m [0m[32mchunk-L5FMOBBW.mjs[39m     [2m | [22m[2mbrowser[22m            [2m | [22m[36m927 bytes[39m[2m | [22m

[0m[1mmodule.instances.aws_instance.mean_instance (remote-exec):[0m [0m[35mPrerendered 2 static routes.[39m
[0m[1mmodule.instances.aws_instance.mean_instance (remote-exec):[0m [0mOutput location: /home/ubuntu/mean-stack-example/client/dist/client

[0m[1mmodule.instances.aws_instance.mean_instance (remote-exec):[0m [0mApplication bundle generation complete. [30.588 seconds]
[0m[1mmodule.instances.aws_instance.mean_instance (remote-exec):[0m [0m[2K[1G[1A[2K[1G[1m[33m[33m▲ [43;33m[[43;30mWARNING[43;33m][0m [1mbundle initial exceeded maximum budget. Budget 500.00 kB was not met by 119.79 kB with a total of 619.79 kB.[0m[39m[22m
[0m[1mmodule.instances.aws_instance.mean_instance (remote-exec):[0m [0m[1m[33m[39m[22m
[0m[1mmodule.instances.aws_instance.mean_instance (remote-exec):[0m [0m[1m[33m[39m[22m
[0m[1mmodule.load_balancer.aws_lb.mean_lb: Still creating... [1m30s elapsed][0m[0m
[0m[1mmodule.instances.aws_instance.mean_instance: Creation complete after 1m19s [id=i-046b640767f288028][0m
[0m[1mmodule.load_balancer.aws_lb_target_group_attachment.mean_target_attachment: Creating...[0m[0m
[0m[1mmodule.load_balancer.aws_lb_target_group_attachment.mean_target_attachment: Creation complete after 0s [id=arn:aws:elasticloadbalancing:us-east-1:755944857852:targetgroup/mean-target-group/b92e1c889ef50608-20250203071506874200000006][0m
[0m[1mmodule.load_balancer.aws_lb.mean_lb: Still creating... [1m40s elapsed][0m[0m
[0m[1mmodule.load_balancer.aws_lb.mean_lb: Still creating... [1m50s elapsed][0m[0m
[0m[1mmodule.load_balancer.aws_lb.mean_lb: Still creating... [2m0s elapsed][0m[0m
[0m[1mmodule.load_balancer.aws_lb.mean_lb: Still creating... [2m10s elapsed][0m[0m
[0m[1mmodule.load_balancer.aws_lb.mean_lb: Still creating... [2m20s elapsed][0m[0m
[0m[1mmodule.load_balancer.aws_lb.mean_lb: Still creating... [2m30s elapsed][0m[0m
[0m[1mmodule.load_balancer.aws_lb.mean_lb: Still creating... [2m40s elapsed][0m[0m
[0m[1mmodule.load_balancer.aws_lb.mean_lb: Still creating... [2m50s elapsed][0m[0m
[0m[1mmodule.load_balancer.aws_lb.mean_lb: Still creating... [3m0s elapsed][0m[0m
[0m[1mmodule.load_balancer.aws_lb.mean_lb: Creation complete after 3m6s [id=arn:aws:elasticloadbalancing:us-east-1:755944857852:loadbalancer/app/mean-lb/2381fd9f13d1ef02][0m
[0m[1mmodule.load_balancer.aws_lb_listener.mean_lb_listener: Creating...[0m[0m
[0m[1mmodule.load_balancer.aws_lb_listener.mean_lb_listener: Creation complete after 1s [id=arn:aws:elasticloadbalancing:us-east-1:755944857852:listener/app/mean-lb/2381fd9f13d1ef02/15fff54d89d739c8][0m
[0m[1m[32m
Apply complete! Resources: 15 added, 0 changed, 0 destroyed.
[0m[0m[1m[32m
Outputs:

[0mmean_lb_arn = "arn:aws:elasticloadbalancing:us-east-1:755944857852:loadbalancer/app/mean-lb/2381fd9f13d1ef02"
mean_lb_dns_name = "mean-lb-2137615682.us-east-1.elb.amazonaws.com"
mean_private_ip = "10.0.1.246"
mean_public_ip = "3.83.254.55"
mean_sg_id = "sg-07d5f638c841c80ab"
mongo_private_ip = "10.0.2.65"
mongo_public_ip = ""
mongodb_sg_id = "sg-0e62eed69bf39ac0f"
private_subnet_id = "subnet-074582fd0da1d62a3"
public_subnet_id = "subnet-04f4129c41f98e4e5"
secondary_public_subnet_id = "subnet-0995022b660919b14"
vpc_id = "vpc-01ffe6c025cb568d2"
